// !$*UTF8*$!
{
	archiveVersion = 1;
	classes = {
	};
	objectVersion = 46;
	objects = {

/* Begin PBXBuildFile section */
		1D60589B0D05DD56006BFB54 /* main.m in Sources */ = {isa = PBXBuildFile; fileRef = 29B97316FDCFA39411CA2CEA /* main.m */; };
		1D60589F0D05DD5A006BFB54 /* Foundation.framework in Frameworks */ = {isa = PBXBuildFile; fileRef = 1D30AB110D05D00D00671497 /* Foundation.framework */; };
		1DF5F4E00D08C38300B7A737 /* UIKit.framework in Frameworks */ = {isa = PBXBuildFile; fileRef = 1DF5F4DF0D08C38300B7A737 /* UIKit.framework */; };
		28AD733F0D9D9553002E5188 /* MainWindow.xib in Resources */ = {isa = PBXBuildFile; fileRef = 28AD733E0D9D9553002E5188 /* MainWindow.xib */; };
		28FD14FE0DC6FC130079059D /* NeedleGL.m in Sources */ = {isa = PBXBuildFile; fileRef = 28FD14FD0DC6FC130079059D /* NeedleGL.m */; };
		28FD15000DC6FC520079059D /* OpenGLES.framework in Frameworks */ = {isa = PBXBuildFile; fileRef = 28FD14FF0DC6FC520079059D /* OpenGLES.framework */; };
		28FD15080DC6FC5B0079059D /* QuartzCore.framework in Frameworks */ = {isa = PBXBuildFile; fileRef = 28FD15070DC6FC5B0079059D /* QuartzCore.framework */; };
		4E018F7813BB2D6B00333528 /* FlowerHowTo-icon.png in Resources */ = {isa = PBXBuildFile; fileRef = 4E018F7713BB2D6B00333528 /* FlowerHowTo-icon.png */; };
		4E081DCD1419F340003C9178 /* param-icon.png in Resources */ = {isa = PBXBuildFile; fileRef = 4E081DCC1419F340003C9178 /* param-icon.png */; };
		4E081DD01419F4DD003C9178 /* FlowerApp.m in Sources */ = {isa = PBXBuildFile; fileRef = 4E081DCF1419F4DD003C9178 /* FlowerApp.m */; };
		4E141B0D13B35F1900698F53 /* Default.png in Resources */ = {isa = PBXBuildFile; fileRef = 4E141B0713B35F1900698F53 /* Default.png */; };
		4E141B0E13B35F1900698F53 /* Default@2x.png in Resources */ = {isa = PBXBuildFile; fileRef = 4E141B0813B35F1900698F53 /* Default@2x.png */; };
		4E141B0F13B35F1900698F53 /* Icon.png in Resources */ = {isa = PBXBuildFile; fileRef = 4E141B0913B35F1900698F53 /* Icon.png */; };
		4E141B1013B35F1900698F53 /* Icon-iPad.png in Resources */ = {isa = PBXBuildFile; fileRef = 4E141B0A13B35F1900698F53 /* Icon-iPad.png */; };
		4E141B1113B35F1900698F53 /* Icon@2x.png in Resources */ = {isa = PBXBuildFile; fileRef = 4E141B0B13B35F1900698F53 /* Icon@2x.png */; };
		4E1834B8141E568100E5AE1F /* ParametersApp.strings in Resources */ = {isa = PBXBuildFile; fileRef = 4E1834B6141E568100E5AE1F /* ParametersApp.strings */; };
		4E1834BA141E568800E5AE1F /* ParametersApp.strings in Resources */ = {isa = PBXBuildFile; fileRef = 4E1834B6141E568100E5AE1F /* ParametersApp.strings */; };
		4E2F50001407D1F900C4C00C /* VolcanoApp.m in Sources */ = {isa = PBXBuildFile; fileRef = 4E2F4FFE1407D1F900C4C00C /* VolcanoApp.m */; };
		4E2F50011407D1F900C4C00C /* VolcanoApp.xib in Resources */ = {isa = PBXBuildFile; fileRef = 4E2F4FFF1407D1F900C4C00C /* VolcanoApp.xib */; };
		4E2F50071407DF8200C4C00C /* FLAPIBlow.m in Sources */ = {isa = PBXBuildFile; fileRef = 4E2F50061407DF8200C4C00C /* FLAPIBlow.m */; };
		4E3A7A7A13B8777D00853344 /* FlowerHowTo.m in Sources */ = {isa = PBXBuildFile; fileRef = 4E3A7A7813B8777D00853344 /* FlowerHowTo.m */; };
		4E3A7A7B13B8777D00853344 /* FlowerHowTo.xib in Resources */ = {isa = PBXBuildFile; fileRef = 4E3A7A7913B8777D00853344 /* FlowerHowTo.xib */; };
		4E3A7A7D13B877DD00853344 /* MediaPlayer.framework in Frameworks */ = {isa = PBXBuildFile; fileRef = 4E3A7A7C13B877DD00853344 /* MediaPlayer.framework */; };
		4E3A7A8313B884FD00853344 /* AVFoundation.framework in Frameworks */ = {isa = PBXBuildFile; fileRef = 4E3A7A8213B884FD00853344 /* AVFoundation.framework */; };
		4E4AE46C141FA57B004256DA /* CalibrationApp.strings in Resources */ = {isa = PBXBuildFile; fileRef = 4E4AE46A141FA57B004256DA /* CalibrationApp.strings */; };
		4E4AE46E141FA584004256DA /* CalibrationApp.strings in Resources */ = {isa = PBXBuildFile; fileRef = 4E4AE46A141FA57B004256DA /* CalibrationApp.strings */; };
		4E4B815B14165374009CC45D /* FlowerHowTo.m4v in Resources */ = {isa = PBXBuildFile; fileRef = 4E4B815A14165374009CC45D /* FlowerHowTo.m4v */; };
		4E5110881428CBC600A464EA /* Profil.m in Sources */ = {isa = PBXBuildFile; fileRef = 4E5110871428CBC600A464EA /* Profil.m */; };
		4E584855140E61CC003892DA /* BlowHistory.m in Sources */ = {isa = PBXBuildFile; fileRef = 4E584854140E61CC003892DA /* BlowHistory.m */; };
		4E713C2B1416703D00BF7099 /* subsys_ios_AVAudioSessionDelegate.m in Sources */ = {isa = PBXBuildFile; fileRef = 4E713C2A1416703D00BF7099 /* subsys_ios_AVAudioSessionDelegate.m */; };
		4E8F592E13A7AF6B00D9D3A7 /* DataAccess.m in Sources */ = {isa = PBXBuildFile; fileRef = 4E8F590213A7AF6B00D9D3A7 /* DataAccess.m */; };
		4E8F592F13A7AF6B00D9D3A7 /* DB.m in Sources */ = {isa = PBXBuildFile; fileRef = 4E8F590413A7AF6B00D9D3A7 /* DB.m */; };
		4E8F593213A7AF6B00D9D3A7 /* Exercise.m in Sources */ = {isa = PBXBuildFile; fileRef = 4E8F590A13A7AF6B00D9D3A7 /* Exercise.m */; };
		4E8F593313A7AF6B00D9D3A7 /* Expiration.m in Sources */ = {isa = PBXBuildFile; fileRef = 4E8F590C13A7AF6B00D9D3A7 /* Expiration.m */; };
		4E8F593513A7AF6B00D9D3A7 /* FlowerController.m in Sources */ = {isa = PBXBuildFile; fileRef = 4E8F591013A7AF6B00D9D3A7 /* FlowerController.m */; };
		4E8F593613A7AF6B00D9D3A7 /* FlowerController.xib in Resources */ = {isa = PBXBuildFile; fileRef = 4E8F591113A7AF6B00D9D3A7 /* FlowerController.xib */; };
		4E8F593713A7AF6B00D9D3A7 /* FlutterApp2AppDelegate.m in Sources */ = {isa = PBXBuildFile; fileRef = 4E8F591313A7AF6B00D9D3A7 /* FlutterApp2AppDelegate.m */; };
		4E8F593813A7AF6B00D9D3A7 /* ParametersApp.m in Sources */ = {isa = PBXBuildFile; fileRef = 4E8F591513A7AF6B00D9D3A7 /* ParametersApp.m */; };
		4E8F593913A7AF6B00D9D3A7 /* MenuView.m in Sources */ = {isa = PBXBuildFile; fileRef = 4E8F591713A7AF6B00D9D3A7 /* MenuView.m */; };
		4E8F594813A7AF8B00D9D3A7 /* Localizable.strings in Resources */ = {isa = PBXBuildFile; fileRef = 4E8F594613A7AF8B00D9D3A7 /* Localizable.strings */; };
		4E8F595B13A7AFA900D9D3A7 /* FlutterApp2Database.sql in Resources */ = {isa = PBXBuildFile; fileRef = 4E8F595213A7AFA900D9D3A7 /* FlutterApp2Database.sql */; };
		4E8F596713A7B6FF00D9D3A7 /* libsqlite3.0.dylib in Frameworks */ = {isa = PBXBuildFile; fileRef = 4E8F596613A7B6FE00D9D3A7 /* libsqlite3.0.dylib */; };
		4E92E73F13C72C9C0060FBF6 /* NSObject+SBJson.m in Sources */ = {isa = PBXBuildFile; fileRef = 4E92E72713C72C9C0060FBF6 /* NSObject+SBJson.m */; };
		4E92E74013C72C9C0060FBF6 /* SBJsonParser.m in Sources */ = {isa = PBXBuildFile; fileRef = 4E92E72A13C72C9C0060FBF6 /* SBJsonParser.m */; };
		4E92E74113C72C9C0060FBF6 /* SBJsonStreamParser.m in Sources */ = {isa = PBXBuildFile; fileRef = 4E92E72C13C72C9C0060FBF6 /* SBJsonStreamParser.m */; };
		4E92E74213C72C9C0060FBF6 /* SBJsonStreamParserAccumulator.m in Sources */ = {isa = PBXBuildFile; fileRef = 4E92E72E13C72C9C0060FBF6 /* SBJsonStreamParserAccumulator.m */; };
		4E92E74313C72C9C0060FBF6 /* SBJsonStreamParserAdapter.m in Sources */ = {isa = PBXBuildFile; fileRef = 4E92E73013C72C9C0060FBF6 /* SBJsonStreamParserAdapter.m */; };
		4E92E74413C72C9C0060FBF6 /* SBJsonStreamParserState.m in Sources */ = {isa = PBXBuildFile; fileRef = 4E92E73213C72C9C0060FBF6 /* SBJsonStreamParserState.m */; };
		4E92E74513C72C9C0060FBF6 /* SBJsonStreamWriter.m in Sources */ = {isa = PBXBuildFile; fileRef = 4E92E73413C72C9C0060FBF6 /* SBJsonStreamWriter.m */; };
		4E92E74613C72C9C0060FBF6 /* SBJsonStreamWriterAccumulator.m in Sources */ = {isa = PBXBuildFile; fileRef = 4E92E73613C72C9C0060FBF6 /* SBJsonStreamWriterAccumulator.m */; };
		4E92E74713C72C9C0060FBF6 /* SBJsonStreamWriterState.m in Sources */ = {isa = PBXBuildFile; fileRef = 4E92E73813C72C9C0060FBF6 /* SBJsonStreamWriterState.m */; };
		4E92E74813C72C9C0060FBF6 /* SBJsonTokeniser.m in Sources */ = {isa = PBXBuildFile; fileRef = 4E92E73A13C72C9C0060FBF6 /* SBJsonTokeniser.m */; };
		4E92E74913C72C9C0060FBF6 /* SBJsonUTF8Stream.m in Sources */ = {isa = PBXBuildFile; fileRef = 4E92E73C13C72C9C0060FBF6 /* SBJsonUTF8Stream.m */; };
		4E92E74A13C72C9C0060FBF6 /* SBJsonWriter.m in Sources */ = {isa = PBXBuildFile; fileRef = 4E92E73E13C72C9C0060FBF6 /* SBJsonWriter.m */; };
		4E92E74D13C72D3A0060FBF6 /* ConnectionManager.m in Sources */ = {isa = PBXBuildFile; fileRef = 4E92E74C13C72D3A0060FBF6 /* ConnectionManager.m */; };
		4EA1A3B41420E8B800B11705 /* MenuView.xib in Resources */ = {isa = PBXBuildFile; fileRef = 4EA1A3B51420E8B800B11705 /* MenuView.xib */; };
		4EA1A3BC1420FB3D00B11705 /* CalibrationApp_NeedleView.m in Sources */ = {isa = PBXBuildFile; fileRef = 4EA1A3BB1420FB3D00B11705 /* CalibrationApp_NeedleView.m */; };
		4EB510A81418C883008FC46F /* ExempleApp.strings in Resources */ = {isa = PBXBuildFile; fileRef = 4EB510A51418C883008FC46F /* ExempleApp.strings */; };
		4EB510AB1418CFC6008FC46F /* CoreGraphics.framework in Frameworks */ = {isa = PBXBuildFile; fileRef = 4E8F596413A7B67D00D9D3A7 /* CoreGraphics.framework */; };
		4EBFFD611414CD4300D4BE9C /* FLAPIExercice.m in Sources */ = {isa = PBXBuildFile; fileRef = 4EBFFD601414CD4300D4BE9C /* FLAPIExercice.m */; };
		4ECC6CAE1404E171005519C7 /* UserPicker.m in Sources */ = {isa = PBXBuildFile; fileRef = 4ECC6CAD1404E171005519C7 /* UserPicker.m */; };
		4ECC6CB11404E5F7005519C7 /* UserManager.m in Sources */ = {isa = PBXBuildFile; fileRef = 4ECC6CB01404E5F7005519C7 /* UserManager.m */; };
		4ECC6CB414053744005519C7 /* User.m in Sources */ = {isa = PBXBuildFile; fileRef = 4ECC6CB314053744005519C7 /* User.m */; };
		4EEED18F141E3E3100F56102 /* CalibrationApp.m in Sources */ = {isa = PBXBuildFile; fileRef = 4EEED18D141E3E3100F56102 /* CalibrationApp.m */; };
		4EEED198141E3E7F00F56102 /* VolcanoApp.strings in Resources */ = {isa = PBXBuildFile; fileRef = 4EEED196141E3E7F00F56102 /* VolcanoApp.strings */; };
		4EEED19A141E3E8700F56102 /* VolcanoApp.strings in Resources */ = {isa = PBXBuildFile; fileRef = 4EEED196141E3E7F00F56102 /* VolcanoApp.strings */; };
		4EFC3EBB14064911002F0BF7 /* DoubleSlider.m in Sources */ = {isa = PBXBuildFile; fileRef = 4EFC3EB814064911002F0BF7 /* DoubleSlider.m */; };
		4EFC3EBC14064911002F0BF7 /* handle_highlight.png in Resources */ = {isa = PBXBuildFile; fileRef = 4EFC3EB914064911002F0BF7 /* handle_highlight.png */; };
		4EFC3EBD14064911002F0BF7 /* handle.png in Resources */ = {isa = PBXBuildFile; fileRef = 4EFC3EBA14064911002F0BF7 /* handle.png */; };
		4EFC3EC01406837D002F0BF7 /* ParametersManager.m in Sources */ = {isa = PBXBuildFile; fileRef = 4EFC3EBF1406837D002F0BF7 /* ParametersManager.m */; };
		4EFDB06C13AA022E003BD83A /* libFLAPISP-ios.a in Frameworks */ = {isa = PBXBuildFile; fileRef = 4EFDB06B13AA022E003BD83A /* libFLAPISP-ios.a */; };
		D701908B141618510072D020 /* VolcanoApp_goal.wav in Resources */ = {isa = PBXBuildFile; fileRef = D701908A141618510072D020 /* VolcanoApp_goal.wav */; };
		D702D18E14152C69005A1764 /* VolcanoApp_volcano.png in Resources */ = {isa = PBXBuildFile; fileRef = D702D18D14152C69005A1764 /* VolcanoApp_volcano.png */; };
		D72E028E139E448200F3687C /* FLAPIX.mm in Sources */ = {isa = PBXBuildFile; fileRef = D72E028A139E448200F3687C /* FLAPIX.mm */; };
		D72E028F139E448200F3687C /* libFLAPISP-simulator.a in Frameworks */ = {isa = PBXBuildFile; fileRef = D72E028B139E448200F3687C /* libFLAPISP-simulator.a */; settings = {ATTRIBUTES = (Required, ); }; };
		D72E0290139E448200F3687C /* subsys_ios.mm in Sources */ = {isa = PBXBuildFile; fileRef = D72E028D139E448200F3687C /* subsys_ios.mm */; };
		D72E02AB139E4F4E00F3687C /* AudioToolbox.framework in Frameworks */ = {isa = PBXBuildFile; fileRef = D72E02AA139E4F4E00F3687C /* AudioToolbox.framework */; };
		D72E02AD139E500800F3687C /* FLAPIrecorded.raw in Resources */ = {isa = PBXBuildFile; fileRef = D72E02AC139E500800F3687C /* FLAPIrecorded.raw */; };
		D73C1313142879050006B28F /* DayStatisticListViewController.m in Sources */ = {isa = PBXBuildFile; fileRef = D73C1305142879050006B28F /* DayStatisticListViewController.m */; };
		D73C1314142879050006B28F /* ResultsApp.strings in Resources */ = {isa = PBXBuildFile; fileRef = D73C1306142879050006B28F /* ResultsApp.strings */; };
		D73C1317142879050006B28F /* StatisticCell.m in Sources */ = {isa = PBXBuildFile; fileRef = D73C130D142879050006B28F /* StatisticCell.m */; };
		D73C1318142879050006B28F /* StatisticListView.xib in Resources */ = {isa = PBXBuildFile; fileRef = D73C130E142879050006B28F /* StatisticListView.xib */; };
		D73C1319142879050006B28F /* StatisticListViewController.m in Sources */ = {isa = PBXBuildFile; fileRef = D73C1310142879050006B28F /* StatisticListViewController.m */; };
		D73C131A142879050006B28F /* StatisticsViewController.m in Sources */ = {isa = PBXBuildFile; fileRef = D73C1312142879050006B28F /* StatisticsViewController.m */; };
		D73C13201428B34D0006B28F /* ExerciseDay.m in Sources */ = {isa = PBXBuildFile; fileRef = D73C131F1428B34D0006B28F /* ExerciseDay.m */; };
		D73EB4F0142233EF001AB2DE /* ParametersApp.xib in Resources */ = {isa = PBXBuildFile; fileRef = D73EB4F1142233EF001AB2DE /* ParametersApp.xib */; };
		D73EB4F214223412001AB2DE /* CalibrationApp.xib in Resources */ = {isa = PBXBuildFile; fileRef = D73EB4F314223412001AB2DE /* CalibrationApp.xib */; };
		D77B109A140FC5A600897203 /* icon_contents_page_selected.png in Resources */ = {isa = PBXBuildFile; fileRef = D77B1096140FC5A600897203 /* icon_contents_page_selected.png */; };
		D77B109B140FC5A600897203 /* icon_contents_page_unselected.png in Resources */ = {isa = PBXBuildFile; fileRef = D77B1097140FC5A600897203 /* icon_contents_page_unselected.png */; };
		D77B109C140FC5A600897203 /* RSPageControl.m in Sources */ = {isa = PBXBuildFile; fileRef = D77B1099140FC5A600897203 /* RSPageControl.m */; };
		D7A9942B14165763000AA64A /* VolcanoApp-Icon.png in Resources */ = {isa = PBXBuildFile; fileRef = D7A9942914165763000AA64A /* VolcanoApp-Icon.png */; };
		D7ABFF88140B8227003B9F08 /* HistoryView.m in Sources */ = {isa = PBXBuildFile; fileRef = D7ABFF86140B8227003B9F08 /* HistoryView.m */; };
		D7AD2ADC14174CA2004C6034 /* VolcanoApp_burst.png in Resources */ = {isa = PBXBuildFile; fileRef = D7AD2ADB14174CA2004C6034 /* VolcanoApp_burst.png */; };
		D7AD2AE91417645C004C6034 /* FlowerForAll.html in Resources */ = {isa = PBXBuildFile; fileRef = D7AD2AE71417645C004C6034 /* FlowerForAll.html */; };
		D7C3A9C31423478900A6D464 /* minus.png in Resources */ = {isa = PBXBuildFile; fileRef = D7C3A9C11423478900A6D464 /* minus.png */; };
		D7C3A9C41423478900A6D464 /* plus.png in Resources */ = {isa = PBXBuildFile; fileRef = D7C3A9C21423478900A6D464 /* plus.png */; };
		D7D64652141659B700F0DE4F /* VolcanoApp_explosion.wav in Resources */ = {isa = PBXBuildFile; fileRef = D7D64651141659B700F0DE4F /* VolcanoApp_explosion.wav */; };
		D7F59A6914286D06006FE244 /* PickerEditor.m in Sources */ = {isa = PBXBuildFile; fileRef = 4E318D021421FB8C009E0FE1 /* PickerEditor.m */; };
		D7F59A7F142B54CB006FE244 /* FlowerForAll.html in Resources */ = {isa = PBXBuildFile; fileRef = D7AD2AE414176452004C6034 /* FlowerForAll.html */; };
/* End PBXBuildFile section */

/* Begin PBXFileReference section */
		1D30AB110D05D00D00671497 /* Foundation.framework */ = {isa = PBXFileReference; lastKnownFileType = wrapper.framework; name = Foundation.framework; path = System/Library/Frameworks/Foundation.framework; sourceTree = SDKROOT; };
		1D6058910D05DD3D006BFB54 /* FlowerForAll.app */ = {isa = PBXFileReference; explicitFileType = wrapper.application; includeInIndex = 0; path = FlowerForAll.app; sourceTree = BUILT_PRODUCTS_DIR; };
		1DF5F4DF0D08C38300B7A737 /* UIKit.framework */ = {isa = PBXFileReference; lastKnownFileType = wrapper.framework; name = UIKit.framework; path = System/Library/Frameworks/UIKit.framework; sourceTree = SDKROOT; };
		28AD733E0D9D9553002E5188 /* MainWindow.xib */ = {isa = PBXFileReference; lastKnownFileType = file.xib; path = MainWindow.xib; sourceTree = "<group>"; };
		28FD14FC0DC6FC130079059D /* NeedleGL.h */ = {isa = PBXFileReference; fileEncoding = 4; lastKnownFileType = sourcecode.c.h; path = NeedleGL.h; sourceTree = "<group>"; };
		28FD14FD0DC6FC130079059D /* NeedleGL.m */ = {isa = PBXFileReference; fileEncoding = 4; lastKnownFileType = sourcecode.c.objc; path = NeedleGL.m; sourceTree = "<group>"; };
		28FD14FF0DC6FC520079059D /* OpenGLES.framework */ = {isa = PBXFileReference; lastKnownFileType = wrapper.framework; name = OpenGLES.framework; path = System/Library/Frameworks/OpenGLES.framework; sourceTree = SDKROOT; };
		28FD15070DC6FC5B0079059D /* QuartzCore.framework */ = {isa = PBXFileReference; lastKnownFileType = wrapper.framework; name = QuartzCore.framework; path = System/Library/Frameworks/QuartzCore.framework; sourceTree = SDKROOT; };
		29B97316FDCFA39411CA2CEA /* main.m */ = {isa = PBXFileReference; fileEncoding = 4; lastKnownFileType = sourcecode.c.objc; path = main.m; sourceTree = "<group>"; };
		32CA4F630368D1EE00C91783 /* FlowerForAll_Prefix.pch */ = {isa = PBXFileReference; fileEncoding = 4; lastKnownFileType = sourcecode.c.h; path = FlowerForAll_Prefix.pch; sourceTree = "<group>"; };
		4E018F7713BB2D6B00333528 /* FlowerHowTo-icon.png */ = {isa = PBXFileReference; lastKnownFileType = image.png; path = "FlowerHowTo-icon.png"; sourceTree = "<group>"; };
		4E081DCC1419F340003C9178 /* param-icon.png */ = {isa = PBXFileReference; lastKnownFileType = image.png; path = "param-icon.png"; sourceTree = "<group>"; };
		4E081DCF1419F4DD003C9178 /* FlowerApp.m */ = {isa = PBXFileReference; fileEncoding = 4; lastKnownFileType = sourcecode.c.objc; path = FlowerApp.m; sourceTree = "<group>"; };
		4E141B0713B35F1900698F53 /* Default.png */ = {isa = PBXFileReference; lastKnownFileType = image.png; path = Default.png; sourceTree = "<group>"; };
		4E141B0813B35F1900698F53 /* Default@2x.png */ = {isa = PBXFileReference; lastKnownFileType = image.png; path = "Default@2x.png"; sourceTree = "<group>"; };
		4E141B0913B35F1900698F53 /* Icon.png */ = {isa = PBXFileReference; lastKnownFileType = image.png; path = Icon.png; sourceTree = "<group>"; };
		4E141B0A13B35F1900698F53 /* Icon-iPad.png */ = {isa = PBXFileReference; lastKnownFileType = image.png; path = "Icon-iPad.png"; sourceTree = "<group>"; };
		4E141B0B13B35F1900698F53 /* Icon@2x.png */ = {isa = PBXFileReference; lastKnownFileType = image.png; path = "Icon@2x.png"; sourceTree = "<group>"; };
		4E1834B7141E568100E5AE1F /* fr */ = {isa = PBXFileReference; lastKnownFileType = text.plist.strings; name = fr; path = fr.lproj/ParametersApp.strings; sourceTree = "<group>"; };
		4E1834B9141E568800E5AE1F /* en */ = {isa = PBXFileReference; lastKnownFileType = text.plist.strings; name = en; path = en.lproj/ParametersApp.strings; sourceTree = "<group>"; };
		4E2F4FFD1407D1F900C4C00C /* VolcanoApp.h */ = {isa = PBXFileReference; fileEncoding = 4; lastKnownFileType = sourcecode.c.h; path = VolcanoApp.h; sourceTree = "<group>"; };
		4E2F4FFE1407D1F900C4C00C /* VolcanoApp.m */ = {isa = PBXFileReference; fileEncoding = 4; lastKnownFileType = sourcecode.c.objc; path = VolcanoApp.m; sourceTree = "<group>"; };
		4E2F4FFF1407D1F900C4C00C /* VolcanoApp.xib */ = {isa = PBXFileReference; fileEncoding = 4; lastKnownFileType = file.xib; path = VolcanoApp.xib; sourceTree = "<group>"; };
		4E2F50051407DF8200C4C00C /* FLAPIBlow.h */ = {isa = PBXFileReference; fileEncoding = 4; lastKnownFileType = sourcecode.c.h; path = FLAPIBlow.h; sourceTree = "<group>"; };
		4E2F50061407DF8200C4C00C /* FLAPIBlow.m */ = {isa = PBXFileReference; fileEncoding = 4; lastKnownFileType = sourcecode.c.objc; path = FLAPIBlow.m; sourceTree = "<group>"; };
		4E318D011421FB8C009E0FE1 /* PickerEditor.h */ = {isa = PBXFileReference; fileEncoding = 4; lastKnownFileType = sourcecode.c.h; path = PickerEditor.h; sourceTree = "<group>"; };
		4E318D021421FB8C009E0FE1 /* PickerEditor.m */ = {isa = PBXFileReference; fileEncoding = 4; lastKnownFileType = sourcecode.c.objc; path = PickerEditor.m; sourceTree = "<group>"; };
		4E3A7A7713B8777D00853344 /* FlowerHowTo.h */ = {isa = PBXFileReference; fileEncoding = 4; lastKnownFileType = sourcecode.c.h; path = FlowerHowTo.h; sourceTree = "<group>"; };
		4E3A7A7813B8777D00853344 /* FlowerHowTo.m */ = {isa = PBXFileReference; fileEncoding = 4; lastKnownFileType = sourcecode.c.objc; path = FlowerHowTo.m; sourceTree = "<group>"; };
		4E3A7A7913B8777D00853344 /* FlowerHowTo.xib */ = {isa = PBXFileReference; fileEncoding = 4; lastKnownFileType = file.xib; path = FlowerHowTo.xib; sourceTree = "<group>"; };
		4E3A7A7C13B877DD00853344 /* MediaPlayer.framework */ = {isa = PBXFileReference; lastKnownFileType = wrapper.framework; name = MediaPlayer.framework; path = System/Library/Frameworks/MediaPlayer.framework; sourceTree = SDKROOT; };
		4E3A7A8213B884FD00853344 /* AVFoundation.framework */ = {isa = PBXFileReference; lastKnownFileType = wrapper.framework; name = AVFoundation.framework; path = System/Library/Frameworks/AVFoundation.framework; sourceTree = SDKROOT; };
		4E4AE46B141FA57B004256DA /* en */ = {isa = PBXFileReference; lastKnownFileType = text.plist.strings; name = en; path = en.lproj/CalibrationApp.strings; sourceTree = "<group>"; };
		4E4AE46D141FA584004256DA /* fr */ = {isa = PBXFileReference; lastKnownFileType = text.plist.strings; name = fr; path = fr.lproj/CalibrationApp.strings; sourceTree = "<group>"; };
		4E4B815A14165374009CC45D /* FlowerHowTo.m4v */ = {isa = PBXFileReference; lastKnownFileType = file; path = FlowerHowTo.m4v; sourceTree = "<group>"; };
		4E5110861428CBC500A464EA /* Profil.h */ = {isa = PBXFileReference; fileEncoding = 4; lastKnownFileType = sourcecode.c.h; path = Profil.h; sourceTree = "<group>"; };
		4E5110871428CBC600A464EA /* Profil.m */ = {isa = PBXFileReference; fileEncoding = 4; lastKnownFileType = sourcecode.c.objc; path = Profil.m; sourceTree = "<group>"; };
		4E584853140E61CC003892DA /* BlowHistory.h */ = {isa = PBXFileReference; fileEncoding = 4; lastKnownFileType = sourcecode.c.h; name = BlowHistory.h; path = Data/BlowHistory.h; sourceTree = "<group>"; };
		4E584854140E61CC003892DA /* BlowHistory.m */ = {isa = PBXFileReference; fileEncoding = 4; lastKnownFileType = sourcecode.c.objc; name = BlowHistory.m; path = Data/BlowHistory.m; sourceTree = "<group>"; };
		4E713C291416703D00BF7099 /* subsys_ios_AVAudioSessionDelegate.h */ = {isa = PBXFileReference; fileEncoding = 4; lastKnownFileType = sourcecode.c.h; path = subsys_ios_AVAudioSessionDelegate.h; sourceTree = "<group>"; };
		4E713C2A1416703D00BF7099 /* subsys_ios_AVAudioSessionDelegate.m */ = {isa = PBXFileReference; fileEncoding = 4; lastKnownFileType = sourcecode.c.objc; path = subsys_ios_AVAudioSessionDelegate.m; sourceTree = "<group>"; };
		4E8F590113A7AF6B00D9D3A7 /* DataAccess.h */ = {isa = PBXFileReference; fileEncoding = 4; lastKnownFileType = sourcecode.c.h; name = DataAccess.h; path = Data/DataAccess.h; sourceTree = "<group>"; };
		4E8F590213A7AF6B00D9D3A7 /* DataAccess.m */ = {isa = PBXFileReference; fileEncoding = 4; lastKnownFileType = sourcecode.c.objc; name = DataAccess.m; path = Data/DataAccess.m; sourceTree = "<group>"; };
		4E8F590313A7AF6B00D9D3A7 /* DB.h */ = {isa = PBXFileReference; fileEncoding = 4; lastKnownFileType = sourcecode.c.h; name = DB.h; path = Data/DB.h; sourceTree = "<group>"; };
		4E8F590413A7AF6B00D9D3A7 /* DB.m */ = {isa = PBXFileReference; fileEncoding = 4; lastKnownFileType = sourcecode.c.objc; lineEnding = 0; name = DB.m; path = Data/DB.m; sourceTree = "<group>"; xcLanguageSpecificationIdentifier = xcode.lang.objc; };
		4E8F590913A7AF6B00D9D3A7 /* Exercise.h */ = {isa = PBXFileReference; fileEncoding = 4; lastKnownFileType = sourcecode.c.h; name = Exercise.h; path = Data/Exercise.h; sourceTree = "<group>"; };
		4E8F590A13A7AF6B00D9D3A7 /* Exercise.m */ = {isa = PBXFileReference; fileEncoding = 4; lastKnownFileType = sourcecode.c.objc; name = Exercise.m; path = Data/Exercise.m; sourceTree = "<group>"; };
		4E8F590B13A7AF6B00D9D3A7 /* Expiration.h */ = {isa = PBXFileReference; fileEncoding = 4; lastKnownFileType = sourcecode.c.h; name = Expiration.h; path = Data/Expiration.h; sourceTree = "<group>"; };
		4E8F590C13A7AF6B00D9D3A7 /* Expiration.m */ = {isa = PBXFileReference; fileEncoding = 4; lastKnownFileType = sourcecode.c.objc; name = Expiration.m; path = Data/Expiration.m; sourceTree = "<group>"; };
		4E8F590F13A7AF6B00D9D3A7 /* FlowerController.h */ = {isa = PBXFileReference; fileEncoding = 4; lastKnownFileType = sourcecode.c.h; path = FlowerController.h; sourceTree = "<group>"; };
		4E8F591013A7AF6B00D9D3A7 /* FlowerController.m */ = {isa = PBXFileReference; fileEncoding = 4; lastKnownFileType = sourcecode.c.objc; path = FlowerController.m; sourceTree = "<group>"; };
		4E8F591113A7AF6B00D9D3A7 /* FlowerController.xib */ = {isa = PBXFileReference; fileEncoding = 4; lastKnownFileType = file.xib; path = FlowerController.xib; sourceTree = "<group>"; };
		4E8F591213A7AF6B00D9D3A7 /* FlutterApp2AppDelegate.h */ = {isa = PBXFileReference; fileEncoding = 4; lastKnownFileType = sourcecode.c.h; path = FlutterApp2AppDelegate.h; sourceTree = "<group>"; };
		4E8F591313A7AF6B00D9D3A7 /* FlutterApp2AppDelegate.m */ = {isa = PBXFileReference; fileEncoding = 4; lastKnownFileType = sourcecode.c.objc; path = FlutterApp2AppDelegate.m; sourceTree = "<group>"; };
		4E8F591413A7AF6B00D9D3A7 /* ParametersApp.h */ = {isa = PBXFileReference; fileEncoding = 4; lastKnownFileType = sourcecode.c.h; path = ParametersApp.h; sourceTree = "<group>"; };
		4E8F591513A7AF6B00D9D3A7 /* ParametersApp.m */ = {isa = PBXFileReference; fileEncoding = 4; lastKnownFileType = sourcecode.c.objc; lineEnding = 0; path = ParametersApp.m; sourceTree = "<group>"; xcLanguageSpecificationIdentifier = xcode.lang.objc; };
		4E8F591613A7AF6B00D9D3A7 /* MenuView.h */ = {isa = PBXFileReference; fileEncoding = 4; lastKnownFileType = sourcecode.c.h; path = MenuView.h; sourceTree = "<group>"; };
		4E8F591713A7AF6B00D9D3A7 /* MenuView.m */ = {isa = PBXFileReference; fileEncoding = 4; lastKnownFileType = sourcecode.c.objc; path = MenuView.m; sourceTree = "<group>"; };
		4E8F594713A7AF8B00D9D3A7 /* en */ = {isa = PBXFileReference; lastKnownFileType = text.plist.strings; name = en; path = Localizable.strings; sourceTree = "<group>"; };
		4E8F594B13A7AF9800D9D3A7 /* fr */ = {isa = PBXFileReference; lastKnownFileType = text.plist.strings; name = fr; path = Localizable.strings; sourceTree = "<group>"; };
		4E8F595213A7AFA900D9D3A7 /* FlutterApp2Database.sql */ = {isa = PBXFileReference; lastKnownFileType = file; path = FlutterApp2Database.sql; sourceTree = "<group>"; };
		4E8F596413A7B67D00D9D3A7 /* CoreGraphics.framework */ = {isa = PBXFileReference; lastKnownFileType = wrapper.framework; name = CoreGraphics.framework; path = System/Library/Frameworks/CoreGraphics.framework; sourceTree = SDKROOT; };
		4E8F596613A7B6FE00D9D3A7 /* libsqlite3.0.dylib */ = {isa = PBXFileReference; lastKnownFileType = "compiled.mach-o.dylib"; name = libsqlite3.0.dylib; path = usr/lib/libsqlite3.0.dylib; sourceTree = SDKROOT; };
		4E92E72513C72C9C0060FBF6 /* JSON.h */ = {isa = PBXFileReference; fileEncoding = 4; lastKnownFileType = sourcecode.c.h; path = JSON.h; sourceTree = "<group>"; };
		4E92E72613C72C9C0060FBF6 /* NSObject+SBJson.h */ = {isa = PBXFileReference; fileEncoding = 4; lastKnownFileType = sourcecode.c.h; path = "NSObject+SBJson.h"; sourceTree = "<group>"; };
		4E92E72713C72C9C0060FBF6 /* NSObject+SBJson.m */ = {isa = PBXFileReference; fileEncoding = 4; lastKnownFileType = sourcecode.c.objc; path = "NSObject+SBJson.m"; sourceTree = "<group>"; };
		4E92E72813C72C9C0060FBF6 /* SBJson.h */ = {isa = PBXFileReference; fileEncoding = 4; lastKnownFileType = sourcecode.c.h; path = SBJson.h; sourceTree = "<group>"; };
		4E92E72913C72C9C0060FBF6 /* SBJsonParser.h */ = {isa = PBXFileReference; fileEncoding = 4; lastKnownFileType = sourcecode.c.h; path = SBJsonParser.h; sourceTree = "<group>"; };
		4E92E72A13C72C9C0060FBF6 /* SBJsonParser.m */ = {isa = PBXFileReference; fileEncoding = 4; lastKnownFileType = sourcecode.c.objc; path = SBJsonParser.m; sourceTree = "<group>"; };
		4E92E72B13C72C9C0060FBF6 /* SBJsonStreamParser.h */ = {isa = PBXFileReference; fileEncoding = 4; lastKnownFileType = sourcecode.c.h; path = SBJsonStreamParser.h; sourceTree = "<group>"; };
		4E92E72C13C72C9C0060FBF6 /* SBJsonStreamParser.m */ = {isa = PBXFileReference; fileEncoding = 4; lastKnownFileType = sourcecode.c.objc; path = SBJsonStreamParser.m; sourceTree = "<group>"; };
		4E92E72D13C72C9C0060FBF6 /* SBJsonStreamParserAccumulator.h */ = {isa = PBXFileReference; fileEncoding = 4; lastKnownFileType = sourcecode.c.h; path = SBJsonStreamParserAccumulator.h; sourceTree = "<group>"; };
		4E92E72E13C72C9C0060FBF6 /* SBJsonStreamParserAccumulator.m */ = {isa = PBXFileReference; fileEncoding = 4; lastKnownFileType = sourcecode.c.objc; path = SBJsonStreamParserAccumulator.m; sourceTree = "<group>"; };
		4E92E72F13C72C9C0060FBF6 /* SBJsonStreamParserAdapter.h */ = {isa = PBXFileReference; fileEncoding = 4; lastKnownFileType = sourcecode.c.h; path = SBJsonStreamParserAdapter.h; sourceTree = "<group>"; };
		4E92E73013C72C9C0060FBF6 /* SBJsonStreamParserAdapter.m */ = {isa = PBXFileReference; fileEncoding = 4; lastKnownFileType = sourcecode.c.objc; path = SBJsonStreamParserAdapter.m; sourceTree = "<group>"; };
		4E92E73113C72C9C0060FBF6 /* SBJsonStreamParserState.h */ = {isa = PBXFileReference; fileEncoding = 4; lastKnownFileType = sourcecode.c.h; path = SBJsonStreamParserState.h; sourceTree = "<group>"; };
		4E92E73213C72C9C0060FBF6 /* SBJsonStreamParserState.m */ = {isa = PBXFileReference; fileEncoding = 4; lastKnownFileType = sourcecode.c.objc; path = SBJsonStreamParserState.m; sourceTree = "<group>"; };
		4E92E73313C72C9C0060FBF6 /* SBJsonStreamWriter.h */ = {isa = PBXFileReference; fileEncoding = 4; lastKnownFileType = sourcecode.c.h; path = SBJsonStreamWriter.h; sourceTree = "<group>"; };
		4E92E73413C72C9C0060FBF6 /* SBJsonStreamWriter.m */ = {isa = PBXFileReference; fileEncoding = 4; lastKnownFileType = sourcecode.c.objc; path = SBJsonStreamWriter.m; sourceTree = "<group>"; };
		4E92E73513C72C9C0060FBF6 /* SBJsonStreamWriterAccumulator.h */ = {isa = PBXFileReference; fileEncoding = 4; lastKnownFileType = sourcecode.c.h; path = SBJsonStreamWriterAccumulator.h; sourceTree = "<group>"; };
		4E92E73613C72C9C0060FBF6 /* SBJsonStreamWriterAccumulator.m */ = {isa = PBXFileReference; fileEncoding = 4; lastKnownFileType = sourcecode.c.objc; path = SBJsonStreamWriterAccumulator.m; sourceTree = "<group>"; };
		4E92E73713C72C9C0060FBF6 /* SBJsonStreamWriterState.h */ = {isa = PBXFileReference; fileEncoding = 4; lastKnownFileType = sourcecode.c.h; path = SBJsonStreamWriterState.h; sourceTree = "<group>"; };
		4E92E73813C72C9C0060FBF6 /* SBJsonStreamWriterState.m */ = {isa = PBXFileReference; fileEncoding = 4; lastKnownFileType = sourcecode.c.objc; path = SBJsonStreamWriterState.m; sourceTree = "<group>"; };
		4E92E73913C72C9C0060FBF6 /* SBJsonTokeniser.h */ = {isa = PBXFileReference; fileEncoding = 4; lastKnownFileType = sourcecode.c.h; path = SBJsonTokeniser.h; sourceTree = "<group>"; };
		4E92E73A13C72C9C0060FBF6 /* SBJsonTokeniser.m */ = {isa = PBXFileReference; fileEncoding = 4; lastKnownFileType = sourcecode.c.objc; path = SBJsonTokeniser.m; sourceTree = "<group>"; };
		4E92E73B13C72C9C0060FBF6 /* SBJsonUTF8Stream.h */ = {isa = PBXFileReference; fileEncoding = 4; lastKnownFileType = sourcecode.c.h; path = SBJsonUTF8Stream.h; sourceTree = "<group>"; };
		4E92E73C13C72C9C0060FBF6 /* SBJsonUTF8Stream.m */ = {isa = PBXFileReference; fileEncoding = 4; lastKnownFileType = sourcecode.c.objc; path = SBJsonUTF8Stream.m; sourceTree = "<group>"; };
		4E92E73D13C72C9C0060FBF6 /* SBJsonWriter.h */ = {isa = PBXFileReference; fileEncoding = 4; lastKnownFileType = sourcecode.c.h; path = SBJsonWriter.h; sourceTree = "<group>"; };
		4E92E73E13C72C9C0060FBF6 /* SBJsonWriter.m */ = {isa = PBXFileReference; fileEncoding = 4; lastKnownFileType = sourcecode.c.objc; path = SBJsonWriter.m; sourceTree = "<group>"; };
		4E92E74B13C72D3A0060FBF6 /* ConnectionManager.h */ = {isa = PBXFileReference; fileEncoding = 4; lastKnownFileType = sourcecode.c.h; path = ConnectionManager.h; sourceTree = "<group>"; };
		4E92E74C13C72D3A0060FBF6 /* ConnectionManager.m */ = {isa = PBXFileReference; fileEncoding = 4; lastKnownFileType = sourcecode.c.objc; path = ConnectionManager.m; sourceTree = "<group>"; };
		4EA1A3B51420E8B800B11705 /* MenuView.xib */ = {isa = PBXFileReference; lastKnownFileType = file.xib; path = MenuView.xib; sourceTree = "<group>"; };
		4EA1A3BA1420FB3D00B11705 /* CalibrationApp_NeedleView.h */ = {isa = PBXFileReference; fileEncoding = 4; lastKnownFileType = sourcecode.c.h; path = CalibrationApp_NeedleView.h; sourceTree = "<group>"; };
		4EA1A3BB1420FB3D00B11705 /* CalibrationApp_NeedleView.m */ = {isa = PBXFileReference; fileEncoding = 4; lastKnownFileType = sourcecode.c.objc; path = CalibrationApp_NeedleView.m; sourceTree = "<group>"; };
		4EB510A31418C4AC008FC46F /* FlowerApp.h */ = {isa = PBXFileReference; fileEncoding = 4; lastKnownFileType = sourcecode.c.h; path = FlowerApp.h; sourceTree = "<group>"; };
		4EB510A61418C883008FC46F /* en */ = {isa = PBXFileReference; lastKnownFileType = text.plist.strings; name = en; path = en.lproj/ExempleApp.strings; sourceTree = "<group>"; };
		4EB510A71418C883008FC46F /* fr */ = {isa = PBXFileReference; lastKnownFileType = text.plist.strings; name = fr; path = fr.lproj/ExempleApp.strings; sourceTree = "<group>"; };
		4EBFFD5F1414CD4300D4BE9C /* FLAPIExercice.h */ = {isa = PBXFileReference; fileEncoding = 4; lastKnownFileType = sourcecode.c.h; path = FLAPIExercice.h; sourceTree = "<group>"; };
		4EBFFD601414CD4300D4BE9C /* FLAPIExercice.m */ = {isa = PBXFileReference; fileEncoding = 4; lastKnownFileType = sourcecode.c.objc; path = FLAPIExercice.m; sourceTree = "<group>"; };
		4ECC6CAC1404E171005519C7 /* UserPicker.h */ = {isa = PBXFileReference; fileEncoding = 4; lastKnownFileType = sourcecode.c.h; name = UserPicker.h; path = UI/UserPicker.h; sourceTree = "<group>"; };
		4ECC6CAD1404E171005519C7 /* UserPicker.m */ = {isa = PBXFileReference; fileEncoding = 4; lastKnownFileType = sourcecode.c.objc; name = UserPicker.m; path = UI/UserPicker.m; sourceTree = "<group>"; };
		4ECC6CAF1404E5F7005519C7 /* UserManager.h */ = {isa = PBXFileReference; fileEncoding = 4; lastKnownFileType = sourcecode.c.h; name = UserManager.h; path = Data/UserManager.h; sourceTree = "<group>"; };
		4ECC6CB01404E5F7005519C7 /* UserManager.m */ = {isa = PBXFileReference; fileEncoding = 4; lastKnownFileType = sourcecode.c.objc; name = UserManager.m; path = Data/UserManager.m; sourceTree = "<group>"; };
		4ECC6CB214053744005519C7 /* User.h */ = {isa = PBXFileReference; fileEncoding = 4; lastKnownFileType = sourcecode.c.h; name = User.h; path = Data/User.h; sourceTree = "<group>"; };
		4ECC6CB314053744005519C7 /* User.m */ = {isa = PBXFileReference; fileEncoding = 4; lastKnownFileType = sourcecode.c.objc; name = User.m; path = Data/User.m; sourceTree = "<group>"; };
		4EEED18C141E3E3100F56102 /* CalibrationApp.h */ = {isa = PBXFileReference; fileEncoding = 4; lastKnownFileType = sourcecode.c.h; path = CalibrationApp.h; sourceTree = "<group>"; };
		4EEED18D141E3E3100F56102 /* CalibrationApp.m */ = {isa = PBXFileReference; fileEncoding = 4; lastKnownFileType = sourcecode.c.objc; path = CalibrationApp.m; sourceTree = "<group>"; };
		4EEED197141E3E7F00F56102 /* en */ = {isa = PBXFileReference; lastKnownFileType = text.plist.strings; name = en; path = en.lproj/VolcanoApp.strings; sourceTree = "<group>"; };
		4EEED199141E3E8700F56102 /* fr */ = {isa = PBXFileReference; lastKnownFileType = text.plist.strings; name = fr; path = fr.lproj/VolcanoApp.strings; sourceTree = "<group>"; };
		4EFC3EB714064911002F0BF7 /* DoubleSlider.h */ = {isa = PBXFileReference; fileEncoding = 4; lastKnownFileType = sourcecode.c.h; name = DoubleSlider.h; path = UI/DoubleSlider/DoubleSlider.h; sourceTree = "<group>"; };
		4EFC3EB814064911002F0BF7 /* DoubleSlider.m */ = {isa = PBXFileReference; fileEncoding = 4; lastKnownFileType = sourcecode.c.objc; name = DoubleSlider.m; path = UI/DoubleSlider/DoubleSlider.m; sourceTree = "<group>"; };
		4EFC3EB914064911002F0BF7 /* handle_highlight.png */ = {isa = PBXFileReference; lastKnownFileType = image.png; name = handle_highlight.png; path = UI/DoubleSlider/handle_highlight.png; sourceTree = "<group>"; };
		4EFC3EBA14064911002F0BF7 /* handle.png */ = {isa = PBXFileReference; lastKnownFileType = image.png; name = handle.png; path = UI/DoubleSlider/handle.png; sourceTree = "<group>"; };
		4EFC3EBE1406837D002F0BF7 /* ParametersManager.h */ = {isa = PBXFileReference; fileEncoding = 4; lastKnownFileType = sourcecode.c.h; name = ParametersManager.h; path = Data/ParametersManager.h; sourceTree = "<group>"; };
		4EFC3EBF1406837D002F0BF7 /* ParametersManager.m */ = {isa = PBXFileReference; fileEncoding = 4; lastKnownFileType = sourcecode.c.objc; name = ParametersManager.m; path = Data/ParametersManager.m; sourceTree = "<group>"; };
		4EFDB06B13AA022E003BD83A /* libFLAPISP-ios.a */ = {isa = PBXFileReference; lastKnownFileType = archive.ar; path = "libFLAPISP-ios.a"; sourceTree = "<group>"; };
		8D1107310486CEB800E47090 /* Info.plist */ = {isa = PBXFileReference; fileEncoding = 4; lastKnownFileType = text.plist.xml; path = Info.plist; sourceTree = "<group>"; };
		D701908A141618510072D020 /* VolcanoApp_goal.wav */ = {isa = PBXFileReference; lastKnownFileType = audio.wav; path = VolcanoApp_goal.wav; sourceTree = "<group>"; };
		D702D18D14152C69005A1764 /* VolcanoApp_volcano.png */ = {isa = PBXFileReference; lastKnownFileType = image.png; path = VolcanoApp_volcano.png; sourceTree = "<group>"; };
		D72E0286139E448200F3687C /* common.h */ = {isa = PBXFileReference; fileEncoding = 4; lastKnownFileType = sourcecode.c.h; path = common.h; sourceTree = "<group>"; };
		D72E0287139E448200F3687C /* filter.h */ = {isa = PBXFileReference; fileEncoding = 4; lastKnownFileType = sourcecode.c.h; path = filter.h; sourceTree = "<group>"; };
		D72E0288139E448200F3687C /* flapi.h */ = {isa = PBXFileReference; fileEncoding = 4; lastKnownFileType = sourcecode.c.h; path = flapi.h; sourceTree = "<group>"; };
		D72E0289139E448200F3687C /* FLAPIX.h */ = {isa = PBXFileReference; fileEncoding = 4; lastKnownFileType = sourcecode.c.h; path = FLAPIX.h; sourceTree = "<group>"; };
		D72E028A139E448200F3687C /* FLAPIX.mm */ = {isa = PBXFileReference; fileEncoding = 4; lastKnownFileType = sourcecode.cpp.objcpp; path = FLAPIX.mm; sourceTree = "<group>"; };
		D72E028B139E448200F3687C /* libFLAPISP-simulator.a */ = {isa = PBXFileReference; lastKnownFileType = archive.ar; path = "libFLAPISP-simulator.a"; sourceTree = "<group>"; };
		D72E028C139E448200F3687C /* subsys_ios.h */ = {isa = PBXFileReference; fileEncoding = 4; lastKnownFileType = sourcecode.c.h; path = subsys_ios.h; sourceTree = "<group>"; };
		D72E028D139E448200F3687C /* subsys_ios.mm */ = {isa = PBXFileReference; fileEncoding = 4; lastKnownFileType = sourcecode.cpp.objcpp; path = subsys_ios.mm; sourceTree = "<group>"; };
		D72E02AA139E4F4E00F3687C /* AudioToolbox.framework */ = {isa = PBXFileReference; lastKnownFileType = wrapper.framework; name = AudioToolbox.framework; path = /System/Library/Frameworks/AudioToolbox.framework; sourceTree = "<absolute>"; };
		D72E02AC139E500800F3687C /* FLAPIrecorded.raw */ = {isa = PBXFileReference; fileEncoding = 4; lastKnownFileType = text; path = FLAPIrecorded.raw; sourceTree = "<group>"; };
		D73C1304142879050006B28F /* DayStatisticListViewController.h */ = {isa = PBXFileReference; fileEncoding = 4; lastKnownFileType = sourcecode.c.h; path = DayStatisticListViewController.h; sourceTree = "<group>"; };
		D73C1305142879050006B28F /* DayStatisticListViewController.m */ = {isa = PBXFileReference; fileEncoding = 4; lastKnownFileType = sourcecode.c.objc; path = DayStatisticListViewController.m; sourceTree = "<group>"; };
		D73C1307142879050006B28F /* en */ = {isa = PBXFileReference; lastKnownFileType = text.plist.strings; name = en; path = en.lproj/ResultsApp.strings; sourceTree = "<group>"; };
		D73C1308142879050006B28F /* fr */ = {isa = PBXFileReference; lastKnownFileType = text.plist.strings; name = fr; path = fr.lproj/ResultsApp.strings; sourceTree = "<group>"; };
		D73C130C142879050006B28F /* StatisticCell.h */ = {isa = PBXFileReference; fileEncoding = 4; lastKnownFileType = sourcecode.c.h; path = StatisticCell.h; sourceTree = "<group>"; };
		D73C130D142879050006B28F /* StatisticCell.m */ = {isa = PBXFileReference; fileEncoding = 4; lastKnownFileType = sourcecode.c.objc; path = StatisticCell.m; sourceTree = "<group>"; };
		D73C130E142879050006B28F /* StatisticListView.xib */ = {isa = PBXFileReference; fileEncoding = 4; lastKnownFileType = file.xib; path = StatisticListView.xib; sourceTree = "<group>"; };
		D73C130F142879050006B28F /* StatisticListViewController.h */ = {isa = PBXFileReference; fileEncoding = 4; lastKnownFileType = sourcecode.c.h; path = StatisticListViewController.h; sourceTree = "<group>"; };
		D73C1310142879050006B28F /* StatisticListViewController.m */ = {isa = PBXFileReference; fileEncoding = 4; lastKnownFileType = sourcecode.c.objc; path = StatisticListViewController.m; sourceTree = "<group>"; };
		D73C1311142879050006B28F /* StatisticsViewController.h */ = {isa = PBXFileReference; fileEncoding = 4; lastKnownFileType = sourcecode.c.h; path = StatisticsViewController.h; sourceTree = "<group>"; };
		D73C1312142879050006B28F /* StatisticsViewController.m */ = {isa = PBXFileReference; fileEncoding = 4; lastKnownFileType = sourcecode.c.objc; path = StatisticsViewController.m; sourceTree = "<group>"; };
		D73C131E1428B34D0006B28F /* ExerciseDay.h */ = {isa = PBXFileReference; fileEncoding = 4; lastKnownFileType = sourcecode.c.h; path = ExerciseDay.h; sourceTree = "<group>"; };
		D73C131F1428B34D0006B28F /* ExerciseDay.m */ = {isa = PBXFileReference; fileEncoding = 4; lastKnownFileType = sourcecode.c.objc; path = ExerciseDay.m; sourceTree = "<group>"; };
		D73EB4F1142233EF001AB2DE /* ParametersApp.xib */ = {isa = PBXFileReference; lastKnownFileType = file.xib; path = ParametersApp.xib; sourceTree = "<group>"; };
		D73EB4F314223412001AB2DE /* CalibrationApp.xib */ = {isa = PBXFileReference; lastKnownFileType = file.xib; path = CalibrationApp.xib; sourceTree = "<group>"; };
		D77B1096140FC5A600897203 /* icon_contents_page_selected.png */ = {isa = PBXFileReference; lastKnownFileType = image.png; name = icon_contents_page_selected.png; path = UI/icon_contents_page_selected.png; sourceTree = "<group>"; };
		D77B1097140FC5A600897203 /* icon_contents_page_unselected.png */ = {isa = PBXFileReference; lastKnownFileType = image.png; name = icon_contents_page_unselected.png; path = UI/icon_contents_page_unselected.png; sourceTree = "<group>"; };
		D77B1098140FC5A600897203 /* RSPageControl.h */ = {isa = PBXFileReference; fileEncoding = 4; lastKnownFileType = sourcecode.c.h; name = RSPageControl.h; path = UI/RSPageControl.h; sourceTree = "<group>"; };
		D77B1099140FC5A600897203 /* RSPageControl.m */ = {isa = PBXFileReference; fileEncoding = 4; lastKnownFileType = sourcecode.c.objc; name = RSPageControl.m; path = UI/RSPageControl.m; sourceTree = "<group>"; };
		D7A9942914165763000AA64A /* VolcanoApp-Icon.png */ = {isa = PBXFileReference; lastKnownFileType = image.png; path = "VolcanoApp-Icon.png"; sourceTree = "<group>"; };
		D7ABFF85140B8227003B9F08 /* HistoryView.h */ = {isa = PBXFileReference; fileEncoding = 4; lastKnownFileType = sourcecode.c.h; path = HistoryView.h; sourceTree = "<group>"; };
		D7ABFF86140B8227003B9F08 /* HistoryView.m */ = {isa = PBXFileReference; fileEncoding = 4; lastKnownFileType = sourcecode.c.objc; path = HistoryView.m; sourceTree = "<group>"; };
		D7AD2ADB14174CA2004C6034 /* VolcanoApp_burst.png */ = {isa = PBXFileReference; lastKnownFileType = image.png; path = VolcanoApp_burst.png; sourceTree = "<group>"; };
		D7AD2AE514176452004C6034 /* fr */ = {isa = PBXFileReference; lastKnownFileType = text.html; name = fr; path = FlowerForAll.html; sourceTree = "<group>"; };
		D7AD2AE81417645C004C6034 /* en */ = {isa = PBXFileReference; lastKnownFileType = text.html; name = en; path = FlowerForAll.html; sourceTree = "<group>"; };
		D7C3A9C11423478900A6D464 /* minus.png */ = {isa = PBXFileReference; lastKnownFileType = image.png; path = minus.png; sourceTree = "<group>"; };
		D7C3A9C21423478900A6D464 /* plus.png */ = {isa = PBXFileReference; lastKnownFileType = image.png; path = plus.png; sourceTree = "<group>"; };
		D7D64651141659B700F0DE4F /* VolcanoApp_explosion.wav */ = {isa = PBXFileReference; lastKnownFileType = audio.wav; path = VolcanoApp_explosion.wav; sourceTree = "<group>"; };
/* End PBXFileReference section */

/* Begin PBXFrameworksBuildPhase section */
		1D60588F0D05DD3D006BFB54 /* Frameworks */ = {
			isa = PBXFrameworksBuildPhase;
			buildActionMask = 2147483647;
			files = (
				4E3A7A8313B884FD00853344 /* AVFoundation.framework in Frameworks */,
				4E3A7A7D13B877DD00853344 /* MediaPlayer.framework in Frameworks */,
				4EB510AB1418CFC6008FC46F /* CoreGraphics.framework in Frameworks */,
				D72E02AB139E4F4E00F3687C /* AudioToolbox.framework in Frameworks */,
				1D60589F0D05DD5A006BFB54 /* Foundation.framework in Frameworks */,
				1DF5F4E00D08C38300B7A737 /* UIKit.framework in Frameworks */,
				28FD15000DC6FC520079059D /* OpenGLES.framework in Frameworks */,
				28FD15080DC6FC5B0079059D /* QuartzCore.framework in Frameworks */,
				4E8F596713A7B6FF00D9D3A7 /* libsqlite3.0.dylib in Frameworks */,
				D72E028F139E448200F3687C /* libFLAPISP-simulator.a in Frameworks */,
				4EFDB06C13AA022E003BD83A /* libFLAPISP-ios.a in Frameworks */,
			);
			runOnlyForDeploymentPostprocessing = 0;
		};
/* End PBXFrameworksBuildPhase section */

/* Begin PBXGroup section */
		080E96DDFE201D6D7F000001 /* Classes */ = {
			isa = PBXGroup;
			children = (
				D7ABFF7C140B75A1003B9F08 /* Monitoring */,
				4ECC6CAB1404E150005519C7 /* UI */,
				4E92E72213C72C630060FBF6 /* Net */,
				4E57A86513A8F19900910E4D /* Data */,
				4E57A86313A8F12500910E4D /* Apps */,
				4E8F590F13A7AF6B00D9D3A7 /* FlowerController.h */,
				4E8F591013A7AF6B00D9D3A7 /* FlowerController.m */,
				4E8F591113A7AF6B00D9D3A7 /* FlowerController.xib */,
				4E8F591213A7AF6B00D9D3A7 /* FlutterApp2AppDelegate.h */,
				4E8F591313A7AF6B00D9D3A7 /* FlutterApp2AppDelegate.m */,
			);
			path = Classes;
			sourceTree = "<group>";
		};
		19C28FACFE9D520D11CA2CBB /* Products */ = {
			isa = PBXGroup;
			children = (
				1D6058910D05DD3D006BFB54 /* FlowerForAll.app */,
			);
			name = Products;
			sourceTree = "<group>";
		};
		29B97314FDCFA39411CA2CEA /* CustomTemplate */ = {
			isa = PBXGroup;
			children = (
				4EB510AA1418CCA7008FC46F /* Visual */,
				D72E0285139E448200F3687C /* FLAPI */,
				080E96DDFE201D6D7F000001 /* Classes */,
				29B97315FDCFA39411CA2CEA /* Other Sources */,
				29B97317FDCFA39411CA2CEA /* Resources */,
				4E4AE46F141FA871004256DA /* iPad */,
				29B97323FDCFA39411CA2CEA /* Frameworks */,
				19C28FACFE9D520D11CA2CBB /* Products */,
			);
			name = CustomTemplate;
			sourceTree = "<group>";
		};
		29B97315FDCFA39411CA2CEA /* Other Sources */ = {
			isa = PBXGroup;
			children = (
				32CA4F630368D1EE00C91783 /* FlowerForAll_Prefix.pch */,
				29B97316FDCFA39411CA2CEA /* main.m */,
			);
			name = "Other Sources";
			sourceTree = "<group>";
		};
		29B97317FDCFA39411CA2CEA /* Resources */ = {
			isa = PBXGroup;
			children = (
				28AD733E0D9D9553002E5188 /* MainWindow.xib */,
				4E8F595113A7AFA900D9D3A7 /* sqlite_database */,
				4E8F594913A7AF9800D9D3A7 /* fr.lproj */,
				4E8F594513A7AF8B00D9D3A7 /* en.lproj */,
				8D1107310486CEB800E47090 /* Info.plist */,
			);
			name = Resources;
			sourceTree = "<group>";
		};
		29B97323FDCFA39411CA2CEA /* Frameworks */ = {
			isa = PBXGroup;
			children = (
				4E3A7A8213B884FD00853344 /* AVFoundation.framework */,
				4E3A7A7C13B877DD00853344 /* MediaPlayer.framework */,
				4E8F596413A7B67D00D9D3A7 /* CoreGraphics.framework */,
				4E8F596613A7B6FE00D9D3A7 /* libsqlite3.0.dylib */,
				D72E02AA139E4F4E00F3687C /* AudioToolbox.framework */,
				28FD15070DC6FC5B0079059D /* QuartzCore.framework */,
				28FD14FF0DC6FC520079059D /* OpenGLES.framework */,
				1DF5F4DF0D08C38300B7A737 /* UIKit.framework */,
				1D30AB110D05D00D00671497 /* Foundation.framework */,
			);
			name = Frameworks;
			sourceTree = "<group>";
		};
		4E141B0513B35EC100698F53 /* Visual */ = {
			isa = PBXGroup;
			children = (
				D7AD2ADB14174CA2004C6034 /* VolcanoApp_burst.png */,
				D702D18D14152C69005A1764 /* VolcanoApp_volcano.png */,
				D7A9942914165763000AA64A /* VolcanoApp-Icon.png */,
			);
			path = Visual;
			sourceTree = "<group>";
		};
		4E2F4FFC1407D1B100C4C00C /* VolcanoApp */ = {
			isa = PBXGroup;
			children = (
				4EEED196141E3E7F00F56102 /* VolcanoApp.strings */,
				D7D64651141659B700F0DE4F /* VolcanoApp_explosion.wav */,
				D701908A141618510072D020 /* VolcanoApp_goal.wav */,
				4E141B0513B35EC100698F53 /* Visual */,
				4E2F4FFD1407D1F900C4C00C /* VolcanoApp.h */,
				4E2F4FFE1407D1F900C4C00C /* VolcanoApp.m */,
				4E2F4FFF1407D1F900C4C00C /* VolcanoApp.xib */,
			);
			path = VolcanoApp;
			sourceTree = "<group>";
		};
		4E3A7A7613B8766900853344 /* FlowerHowTo */ = {
			isa = PBXGroup;
			children = (
				4E4B815A14165374009CC45D /* FlowerHowTo.m4v */,
				4E018F7713BB2D6B00333528 /* FlowerHowTo-icon.png */,
				4E3A7A7713B8777D00853344 /* FlowerHowTo.h */,
				4E3A7A7813B8777D00853344 /* FlowerHowTo.m */,
				4E3A7A7913B8777D00853344 /* FlowerHowTo.xib */,
			);
			path = FlowerHowTo;
			sourceTree = "<group>";
		};
		4E4AE46F141FA871004256DA /* iPad */ = {
			isa = PBXGroup;
			children = (
			);
			name = iPad;
			sourceTree = "<group>";
		};
		4E57A86313A8F12500910E4D /* Apps */ = {
			isa = PBXGroup;
			children = (
				D73C1303142879050006B28F /* ResultsApp */,
				4EEED19B141E474600F56102 /* ParametersApp */,
				4EEED18B141E3D4100F56102 /* CalibrationApp */,
				4EB510A41418C883008FC46F /* ExempleApp */,
				4E2F4FFC1407D1B100C4C00C /* VolcanoApp */,
				4E3A7A7613B8766900853344 /* FlowerHowTo */,
				4EA1A3B51420E8B800B11705 /* MenuView.xib */,
				4E8F591613A7AF6B00D9D3A7 /* MenuView.h */,
				4E8F591713A7AF6B00D9D3A7 /* MenuView.m */,
				4EB510A31418C4AC008FC46F /* FlowerApp.h */,
				4E081DCF1419F4DD003C9178 /* FlowerApp.m */,
			);
			path = Apps;
			sourceTree = "<group>";
		};
		4E57A86513A8F19900910E4D /* Data */ = {
			isa = PBXGroup;
			children = (
				4E8F590113A7AF6B00D9D3A7 /* DataAccess.h */,
				4E8F590213A7AF6B00D9D3A7 /* DataAccess.m */,
				4E8F590313A7AF6B00D9D3A7 /* DB.h */,
				4E8F590413A7AF6B00D9D3A7 /* DB.m */,
				4E8F590913A7AF6B00D9D3A7 /* Exercise.h */,
				4E8F590A13A7AF6B00D9D3A7 /* Exercise.m */,
				4E8F590B13A7AF6B00D9D3A7 /* Expiration.h */,
				4E8F590C13A7AF6B00D9D3A7 /* Expiration.m */,
				4ECC6CAF1404E5F7005519C7 /* UserManager.h */,
				4ECC6CB01404E5F7005519C7 /* UserManager.m */,
				4ECC6CB214053744005519C7 /* User.h */,
				4ECC6CB314053744005519C7 /* User.m */,
				4EFC3EBE1406837D002F0BF7 /* ParametersManager.h */,
				4EFC3EBF1406837D002F0BF7 /* ParametersManager.m */,
				4E584853140E61CC003892DA /* BlowHistory.h */,
				4E584854140E61CC003892DA /* BlowHistory.m */,
				4E5110861428CBC500A464EA /* Profil.h */,
				4E5110871428CBC600A464EA /* Profil.m */,
				D73C131E1428B34D0006B28F /* ExerciseDay.h */,
				D73C131F1428B34D0006B28F /* ExerciseDay.m */,
			);
			name = Data;
			sourceTree = "<group>";
		};
		4E8F594513A7AF8B00D9D3A7 /* en.lproj */ = {
			isa = PBXGroup;
			children = (
				D7AD2AE71417645C004C6034 /* FlowerForAll.html */,
				4E8F594613A7AF8B00D9D3A7 /* Localizable.strings */,
			);
			path = en.lproj;
			sourceTree = "<group>";
		};
		4E8F594913A7AF9800D9D3A7 /* fr.lproj */ = {
			isa = PBXGroup;
			children = (
				D7AD2AE414176452004C6034 /* FlowerForAll.html */,
				4E8F594A13A7AF9800D9D3A7 /* Localizable.strings */,
			);
			path = fr.lproj;
			sourceTree = "<group>";
		};
		4E8F595113A7AFA900D9D3A7 /* sqlite_database */ = {
			isa = PBXGroup;
			children = (
				4E8F595213A7AFA900D9D3A7 /* FlutterApp2Database.sql */,
			);
			path = sqlite_database;
			sourceTree = "<group>";
		};
		4E92E72213C72C630060FBF6 /* Net */ = {
			isa = PBXGroup;
			children = (
				4E92E74B13C72D3A0060FBF6 /* ConnectionManager.h */,
				4E92E74C13C72D3A0060FBF6 /* ConnectionManager.m */,
				4E92E72313C72C6F0060FBF6 /* SBJSON */,
			);
			path = Net;
			sourceTree = "<group>";
		};
		4E92E72313C72C6F0060FBF6 /* SBJSON */ = {
			isa = PBXGroup;
			children = (
				4E92E72513C72C9C0060FBF6 /* JSON.h */,
				4E92E72613C72C9C0060FBF6 /* NSObject+SBJson.h */,
				4E92E72713C72C9C0060FBF6 /* NSObject+SBJson.m */,
				4E92E72813C72C9C0060FBF6 /* SBJson.h */,
				4E92E72913C72C9C0060FBF6 /* SBJsonParser.h */,
				4E92E72A13C72C9C0060FBF6 /* SBJsonParser.m */,
				4E92E72B13C72C9C0060FBF6 /* SBJsonStreamParser.h */,
				4E92E72C13C72C9C0060FBF6 /* SBJsonStreamParser.m */,
				4E92E72D13C72C9C0060FBF6 /* SBJsonStreamParserAccumulator.h */,
				4E92E72E13C72C9C0060FBF6 /* SBJsonStreamParserAccumulator.m */,
				4E92E72F13C72C9C0060FBF6 /* SBJsonStreamParserAdapter.h */,
				4E92E73013C72C9C0060FBF6 /* SBJsonStreamParserAdapter.m */,
				4E92E73113C72C9C0060FBF6 /* SBJsonStreamParserState.h */,
				4E92E73213C72C9C0060FBF6 /* SBJsonStreamParserState.m */,
				4E92E73313C72C9C0060FBF6 /* SBJsonStreamWriter.h */,
				4E92E73413C72C9C0060FBF6 /* SBJsonStreamWriter.m */,
				4E92E73513C72C9C0060FBF6 /* SBJsonStreamWriterAccumulator.h */,
				4E92E73613C72C9C0060FBF6 /* SBJsonStreamWriterAccumulator.m */,
				4E92E73713C72C9C0060FBF6 /* SBJsonStreamWriterState.h */,
				4E92E73813C72C9C0060FBF6 /* SBJsonStreamWriterState.m */,
				4E92E73913C72C9C0060FBF6 /* SBJsonTokeniser.h */,
				4E92E73A13C72C9C0060FBF6 /* SBJsonTokeniser.m */,
				4E92E73B13C72C9C0060FBF6 /* SBJsonUTF8Stream.h */,
				4E92E73C13C72C9C0060FBF6 /* SBJsonUTF8Stream.m */,
				4E92E73D13C72C9C0060FBF6 /* SBJsonWriter.h */,
				4E92E73E13C72C9C0060FBF6 /* SBJsonWriter.m */,
			);
			path = SBJSON;
			sourceTree = "<group>";
		};
		4EB510A41418C883008FC46F /* ExempleApp */ = {
			isa = PBXGroup;
			children = (
				4EB510A51418C883008FC46F /* ExempleApp.strings */,
			);
			path = ExempleApp;
			sourceTree = "<group>";
		};
		4EB510AA1418CCA7008FC46F /* Visual */ = {
			isa = PBXGroup;
			children = (
				4E081DCC1419F340003C9178 /* param-icon.png */,
				4E141B0713B35F1900698F53 /* Default.png */,
				4E141B0813B35F1900698F53 /* Default@2x.png */,
				4E141B0913B35F1900698F53 /* Icon.png */,
				4E141B0A13B35F1900698F53 /* Icon-iPad.png */,
				4E141B0B13B35F1900698F53 /* Icon@2x.png */,
			);
			name = Visual;
			sourceTree = "<group>";
		};
		4ECC6CAB1404E150005519C7 /* UI */ = {
			isa = PBXGroup;
			children = (
				D77B1096140FC5A600897203 /* icon_contents_page_selected.png */,
				D77B1097140FC5A600897203 /* icon_contents_page_unselected.png */,
				D77B1098140FC5A600897203 /* RSPageControl.h */,
				D77B1099140FC5A600897203 /* RSPageControl.m */,
				4EFC3EB6140648C8002F0BF7 /* DoubleSlider */,
				4ECC6CAC1404E171005519C7 /* UserPicker.h */,
				4ECC6CAD1404E171005519C7 /* UserPicker.m */,
			);
			name = UI;
			sourceTree = "<group>";
		};
		4EEED18B141E3D4100F56102 /* CalibrationApp */ = {
			isa = PBXGroup;
			children = (
				D7C3A9C11423478900A6D464 /* minus.png */,
				D7C3A9C21423478900A6D464 /* plus.png */,
				4E4AE46A141FA57B004256DA /* CalibrationApp.strings */,
				4EEED18C141E3E3100F56102 /* CalibrationApp.h */,
				4EEED18D141E3E3100F56102 /* CalibrationApp.m */,
				D73EB4F314223412001AB2DE /* CalibrationApp.xib */,
				4EA1A3BA1420FB3D00B11705 /* CalibrationApp_NeedleView.h */,
				4EA1A3BB1420FB3D00B11705 /* CalibrationApp_NeedleView.m */,
			);
			path = CalibrationApp;
			sourceTree = "<group>";
		};
		4EEED19B141E474600F56102 /* ParametersApp */ = {
			isa = PBXGroup;
			children = (
				4E1834B6141E568100E5AE1F /* ParametersApp.strings */,
				D73EB4F1142233EF001AB2DE /* ParametersApp.xib */,
				4E8F591413A7AF6B00D9D3A7 /* ParametersApp.h */,
				4E8F591513A7AF6B00D9D3A7 /* ParametersApp.m */,
				4E318D011421FB8C009E0FE1 /* PickerEditor.h */,
				4E318D021421FB8C009E0FE1 /* PickerEditor.m */,
			);
			path = ParametersApp;
			sourceTree = "<group>";
		};
		4EFC3EB6140648C8002F0BF7 /* DoubleSlider */ = {
			isa = PBXGroup;
			children = (
				4EFC3EB714064911002F0BF7 /* DoubleSlider.h */,
				4EFC3EB814064911002F0BF7 /* DoubleSlider.m */,
				4EFC3EB914064911002F0BF7 /* handle_highlight.png */,
				4EFC3EBA14064911002F0BF7 /* handle.png */,
			);
			name = DoubleSlider;
			sourceTree = "<group>";
		};
		D72E0285139E448200F3687C /* FLAPI */ = {
			isa = PBXGroup;
			children = (
				4EFDB06B13AA022E003BD83A /* libFLAPISP-ios.a */,
				D72E028B139E448200F3687C /* libFLAPISP-simulator.a */,
				D72E0286139E448200F3687C /* common.h */,
				D72E0287139E448200F3687C /* filter.h */,
				D72E0288139E448200F3687C /* flapi.h */,
				D72E0289139E448200F3687C /* FLAPIX.h */,
				D72E028A139E448200F3687C /* FLAPIX.mm */,
				D72E028C139E448200F3687C /* subsys_ios.h */,
				D72E028D139E448200F3687C /* subsys_ios.mm */,
				D72E02AC139E500800F3687C /* FLAPIrecorded.raw */,
				4E2F50051407DF8200C4C00C /* FLAPIBlow.h */,
				4E2F50061407DF8200C4C00C /* FLAPIBlow.m */,
				4EBFFD5F1414CD4300D4BE9C /* FLAPIExercice.h */,
				4EBFFD601414CD4300D4BE9C /* FLAPIExercice.m */,
				4E713C291416703D00BF7099 /* subsys_ios_AVAudioSessionDelegate.h */,
				4E713C2A1416703D00BF7099 /* subsys_ios_AVAudioSessionDelegate.m */,
			);
			path = FLAPI;
			sourceTree = "<group>";
		};
		D73C1303142879050006B28F /* ResultsApp */ = {
			isa = PBXGroup;
			children = (
				D73C1304142879050006B28F /* DayStatisticListViewController.h */,
				D73C1305142879050006B28F /* DayStatisticListViewController.m */,
				D73C1306142879050006B28F /* ResultsApp.strings */,
				D73C130C142879050006B28F /* StatisticCell.h */,
				D73C130D142879050006B28F /* StatisticCell.m */,
				D73C130E142879050006B28F /* StatisticListView.xib */,
				D73C130F142879050006B28F /* StatisticListViewController.h */,
				D73C1310142879050006B28F /* StatisticListViewController.m */,
				D73C1311142879050006B28F /* StatisticsViewController.h */,
				D73C1312142879050006B28F /* StatisticsViewController.m */,
			);
			path = ResultsApp;
			sourceTree = "<group>";
		};
		D7ABFF7C140B75A1003B9F08 /* Monitoring */ = {
			isa = PBXGroup;
			children = (
				28FD14FC0DC6FC130079059D /* NeedleGL.h */,
				28FD14FD0DC6FC130079059D /* NeedleGL.m */,
				D7ABFF85140B8227003B9F08 /* HistoryView.h */,
				D7ABFF86140B8227003B9F08 /* HistoryView.m */,
			);
			path = Monitoring;
			sourceTree = "<group>";
		};
/* End PBXGroup section */

/* Begin PBXNativeTarget section */
		1D6058900D05DD3D006BFB54 /* FlowerForAll */ = {
			isa = PBXNativeTarget;
			buildConfigurationList = 1D6058960D05DD3E006BFB54 /* Build configuration list for PBXNativeTarget "FlowerForAll" */;
			buildPhases = (
				1D60588D0D05DD3D006BFB54 /* Resources */,
				1D60588E0D05DD3D006BFB54 /* Sources */,
				1D60588F0D05DD3D006BFB54 /* Frameworks */,
			);
			buildRules = (
			);
			dependencies = (
			);
			name = FlowerForAll;
			productName = OpenGL_ES_tuto1;
			productReference = 1D6058910D05DD3D006BFB54 /* FlowerForAll.app */;
			productType = "com.apple.product-type.application";
		};
/* End PBXNativeTarget section */

/* Begin PBXProject section */
		29B97313FDCFA39411CA2CEA /* Project object */ = {
			isa = PBXProject;
			attributes = {
				LastUpgradeCheck = 0410;
			};
			buildConfigurationList = C01FCF4E08A954540054247B /* Build configuration list for PBXProject "FlowerForAll" */;
			compatibilityVersion = "Xcode 3.2";
			developmentRegion = English;
			hasScannedForEncodings = 1;
			knownRegions = (
				English,
				Japanese,
				French,
				German,
				en,
				fr,
			);
			mainGroup = 29B97314FDCFA39411CA2CEA /* CustomTemplate */;
			projectDirPath = "";
			projectRoot = "";
			targets = (
				1D6058900D05DD3D006BFB54 /* FlowerForAll */,
			);
		};
/* End PBXProject section */

/* Begin PBXResourcesBuildPhase section */
		1D60588D0D05DD3D006BFB54 /* Resources */ = {
			isa = PBXResourcesBuildPhase;
			buildActionMask = 2147483647;
			files = (
				28AD733F0D9D9553002E5188 /* MainWindow.xib in Resources */,
				D72E02AD139E500800F3687C /* FLAPIrecorded.raw in Resources */,
				4E8F593613A7AF6B00D9D3A7 /* FlowerController.xib in Resources */,
				4E8F594813A7AF8B00D9D3A7 /* Localizable.strings in Resources */,
				4EA1A3B41420E8B800B11705 /* MenuView.xib in Resources */,
				4E8F595B13A7AFA900D9D3A7 /* FlutterApp2Database.sql in Resources */,
				4E141B0D13B35F1900698F53 /* Default.png in Resources */,
				4E141B0E13B35F1900698F53 /* Default@2x.png in Resources */,
				4E141B0F13B35F1900698F53 /* Icon.png in Resources */,
				4E141B1013B35F1900698F53 /* Icon-iPad.png in Resources */,
				4E141B1113B35F1900698F53 /* Icon@2x.png in Resources */,
				4E3A7A7B13B8777D00853344 /* FlowerHowTo.xib in Resources */,
				4E018F7813BB2D6B00333528 /* FlowerHowTo-icon.png in Resources */,
				4EFC3EBC14064911002F0BF7 /* handle_highlight.png in Resources */,
				4EFC3EBD14064911002F0BF7 /* handle.png in Resources */,
				4E2F50011407D1F900C4C00C /* VolcanoApp.xib in Resources */,
				D77B109A140FC5A600897203 /* icon_contents_page_selected.png in Resources */,
				D77B109B140FC5A600897203 /* icon_contents_page_unselected.png in Resources */,
				D702D18E14152C69005A1764 /* VolcanoApp_volcano.png in Resources */,
				D701908B141618510072D020 /* VolcanoApp_goal.wav in Resources */,
				4E4B815B14165374009CC45D /* FlowerHowTo.m4v in Resources */,
				D7D64652141659B700F0DE4F /* VolcanoApp_explosion.wav in Resources */,
				D7A9942B14165763000AA64A /* VolcanoApp-Icon.png in Resources */,
				D7AD2ADC14174CA2004C6034 /* VolcanoApp_burst.png in Resources */,
				D7AD2AE91417645C004C6034 /* FlowerForAll.html in Resources */,
				4EB510A81418C883008FC46F /* ExempleApp.strings in Resources */,
				4E081DCD1419F340003C9178 /* param-icon.png in Resources */,
				D73EB4F214223412001AB2DE /* CalibrationApp.xib in Resources */,
				4EEED198141E3E7F00F56102 /* VolcanoApp.strings in Resources */,
				4EEED19A141E3E8700F56102 /* VolcanoApp.strings in Resources */,
				4E1834B8141E568100E5AE1F /* ParametersApp.strings in Resources */,
				4E1834BA141E568800E5AE1F /* ParametersApp.strings in Resources */,
				4E4AE46C141FA57B004256DA /* CalibrationApp.strings in Resources */,
				4E4AE46E141FA584004256DA /* CalibrationApp.strings in Resources */,
				D73EB4F0142233EF001AB2DE /* ParametersApp.xib in Resources */,
				D7C3A9C31423478900A6D464 /* minus.png in Resources */,
				D7C3A9C41423478900A6D464 /* plus.png in Resources */,
				D73EB4F0142233EF001AB2DE /* ParametersApp.xib in Resources */,
				D73C1314142879050006B28F /* ResultsApp.strings in Resources */,
				D73C1318142879050006B28F /* StatisticListView.xib in Resources */,
				D7F59A7F142B54CB006FE244 /* FlowerForAll.html in Resources */,
			);
			runOnlyForDeploymentPostprocessing = 0;
		};
/* End PBXResourcesBuildPhase section */

/* Begin PBXSourcesBuildPhase section */
		1D60588E0D05DD3D006BFB54 /* Sources */ = {
			isa = PBXSourcesBuildPhase;
			buildActionMask = 2147483647;
			files = (
				1D60589B0D05DD56006BFB54 /* main.m in Sources */,
				28FD14FE0DC6FC130079059D /* NeedleGL.m in Sources */,
				D72E028E139E448200F3687C /* FLAPIX.mm in Sources */,
				D72E0290139E448200F3687C /* subsys_ios.mm in Sources */,
				4E8F592E13A7AF6B00D9D3A7 /* DataAccess.m in Sources */,
				4E8F592F13A7AF6B00D9D3A7 /* DB.m in Sources */,
				4E8F593213A7AF6B00D9D3A7 /* Exercise.m in Sources */,
				4E8F593313A7AF6B00D9D3A7 /* Expiration.m in Sources */,
				4E8F593513A7AF6B00D9D3A7 /* FlowerController.m in Sources */,
				4E8F593713A7AF6B00D9D3A7 /* FlutterApp2AppDelegate.m in Sources */,
				4E8F593813A7AF6B00D9D3A7 /* ParametersApp.m in Sources */,
				4E8F593913A7AF6B00D9D3A7 /* MenuView.m in Sources */,
				4E3A7A7A13B8777D00853344 /* FlowerHowTo.m in Sources */,
				4E92E73F13C72C9C0060FBF6 /* NSObject+SBJson.m in Sources */,
				4E92E74013C72C9C0060FBF6 /* SBJsonParser.m in Sources */,
				4E92E74113C72C9C0060FBF6 /* SBJsonStreamParser.m in Sources */,
				4E92E74213C72C9C0060FBF6 /* SBJsonStreamParserAccumulator.m in Sources */,
				4E92E74313C72C9C0060FBF6 /* SBJsonStreamParserAdapter.m in Sources */,
				4E92E74413C72C9C0060FBF6 /* SBJsonStreamParserState.m in Sources */,
				4E92E74513C72C9C0060FBF6 /* SBJsonStreamWriter.m in Sources */,
				4E92E74613C72C9C0060FBF6 /* SBJsonStreamWriterAccumulator.m in Sources */,
				4E92E74713C72C9C0060FBF6 /* SBJsonStreamWriterState.m in Sources */,
				4E92E74813C72C9C0060FBF6 /* SBJsonTokeniser.m in Sources */,
				4E92E74913C72C9C0060FBF6 /* SBJsonUTF8Stream.m in Sources */,
				4E92E74A13C72C9C0060FBF6 /* SBJsonWriter.m in Sources */,
				4E92E74D13C72D3A0060FBF6 /* ConnectionManager.m in Sources */,
				4ECC6CAE1404E171005519C7 /* UserPicker.m in Sources */,
				4ECC6CB11404E5F7005519C7 /* UserManager.m in Sources */,
				4ECC6CB414053744005519C7 /* User.m in Sources */,
				4EFC3EBB14064911002F0BF7 /* DoubleSlider.m in Sources */,
				4EFC3EC01406837D002F0BF7 /* ParametersManager.m in Sources */,
				4E2F50001407D1F900C4C00C /* VolcanoApp.m in Sources */,
				4E2F50071407DF8200C4C00C /* FLAPIBlow.m in Sources */,
				D7ABFF88140B8227003B9F08 /* HistoryView.m in Sources */,
				4E584855140E61CC003892DA /* BlowHistory.m in Sources */,
				D77B109C140FC5A600897203 /* RSPageControl.m in Sources */,
				4EBFFD611414CD4300D4BE9C /* FLAPIExercice.m in Sources */,
				4E713C2B1416703D00BF7099 /* subsys_ios_AVAudioSessionDelegate.m in Sources */,
				4E081DD01419F4DD003C9178 /* FlowerApp.m in Sources */,
				4EEED18F141E3E3100F56102 /* CalibrationApp.m in Sources */,
				4EA1A3BC1420FB3D00B11705 /* CalibrationApp_NeedleView.m in Sources */,
				D7F59A6914286D06006FE244 /* PickerEditor.m in Sources */,
				4E5110881428CBC600A464EA /* Profil.m in Sources */,
				D73C1313142879050006B28F /* DayStatisticListViewController.m in Sources */,
				D73C1317142879050006B28F /* StatisticCell.m in Sources */,
				D73C1319142879050006B28F /* StatisticListViewController.m in Sources */,
				D73C131A142879050006B28F /* StatisticsViewController.m in Sources */,
				D73C13201428B34D0006B28F /* ExerciseDay.m in Sources */,
			);
			runOnlyForDeploymentPostprocessing = 0;
		};
/* End PBXSourcesBuildPhase section */

/* Begin PBXVariantGroup section */
		4E1834B6141E568100E5AE1F /* ParametersApp.strings */ = {
			isa = PBXVariantGroup;
			children = (
				4E1834B7141E568100E5AE1F /* fr */,
				4E1834B9141E568800E5AE1F /* en */,
			);
			name = ParametersApp.strings;
			sourceTree = "<group>";
		};
		4E4AE46A141FA57B004256DA /* CalibrationApp.strings */ = {
			isa = PBXVariantGroup;
			children = (
				4E4AE46B141FA57B004256DA /* en */,
				4E4AE46D141FA584004256DA /* fr */,
			);
			name = CalibrationApp.strings;
			sourceTree = "<group>";
		};
		4E8F594613A7AF8B00D9D3A7 /* Localizable.strings */ = {
			isa = PBXVariantGroup;
			children = (
				4E8F594713A7AF8B00D9D3A7 /* en */,
			);
			name = Localizable.strings;
			sourceTree = "<group>";
		};
		4E8F594A13A7AF9800D9D3A7 /* Localizable.strings */ = {
			isa = PBXVariantGroup;
			children = (
				4E8F594B13A7AF9800D9D3A7 /* fr */,
			);
			name = Localizable.strings;
			sourceTree = "<group>";
		};
		4EB510A51418C883008FC46F /* ExempleApp.strings */ = {
			isa = PBXVariantGroup;
			children = (
				4EB510A61418C883008FC46F /* en */,
				4EB510A71418C883008FC46F /* fr */,
			);
			name = ExempleApp.strings;
			sourceTree = "<group>";
		};
		4EEED196141E3E7F00F56102 /* VolcanoApp.strings */ = {
			isa = PBXVariantGroup;
			children = (
				4EEED197141E3E7F00F56102 /* en */,
				4EEED199141E3E8700F56102 /* fr */,
			);
			name = VolcanoApp.strings;
			sourceTree = "<group>";
		};
		D73C1306142879050006B28F /* ResultsApp.strings */ = {
			isa = PBXVariantGroup;
			children = (
				D73C1307142879050006B28F /* en */,
				D73C1308142879050006B28F /* fr */,
			);
			name = ResultsApp.strings;
			sourceTree = "<group>";
		};
		D7AD2AE414176452004C6034 /* FlowerForAll.html */ = {
			isa = PBXVariantGroup;
			children = (
				D7AD2AE514176452004C6034 /* fr */,
			);
			name = FlowerForAll.html;
			sourceTree = "<group>";
		};
		D7AD2AE71417645C004C6034 /* FlowerForAll.html */ = {
			isa = PBXVariantGroup;
			children = (
				D7AD2AE81417645C004C6034 /* en */,
			);
			name = FlowerForAll.html;
			sourceTree = "<group>";
		};
/* End PBXVariantGroup section */

/* Begin XCBuildConfiguration section */
		1D6058940D05DD3E006BFB54 /* Debug */ = {
			isa = XCBuildConfiguration;
			buildSettings = {
				ADDITIONAL_SDKS = "/Library/SDKs/CorePlotSDK/${PLATFORM_NAME}.sdk";
				"ADDITIONAL_SDKS[arch=*]" = "/Library/SDKs/CorePlotSDK/${PLATFORM_NAME}.sdk";
				ALWAYS_SEARCH_USER_PATHS = NO;
				COPY_PHASE_STRIP = NO;
				GCC_DYNAMIC_NO_PIC = NO;
				GCC_OPTIMIZATION_LEVEL = 0;
				GCC_PRECOMPILE_PREFIX_HEADER = YES;
				GCC_PREFIX_HEADER = FlowerForAll_Prefix.pch;
				GCC_VERSION = 4.2;
				INFOPLIST_FILE = Info.plist;
				IPHONEOS_DEPLOYMENT_TARGET = 3.2;
				LIBRARY_SEARCH_PATHS = (
					"$(inherited)",
					"\"$(SRCROOT)/FLAPI\"",
				);
				PRODUCT_NAME = FlowerForAll;
				TARGETED_DEVICE_FAMILY = 1;
			};
			name = Debug;
		};
		1D6058950D05DD3E006BFB54 /* Release */ = {
			isa = XCBuildConfiguration;
			buildSettings = {
				ADDITIONAL_SDKS = "/Library/SDKs/CorePlotSDK/${PLATFORM_NAME}.sdk";
				ALWAYS_SEARCH_USER_PATHS = NO;
				COPY_PHASE_STRIP = YES;
				GCC_PRECOMPILE_PREFIX_HEADER = YES;
				GCC_PREFIX_HEADER = FlowerForAll_Prefix.pch;
				GCC_VERSION = 4.2;
				INFOPLIST_FILE = Info.plist;
				IPHONEOS_DEPLOYMENT_TARGET = 3.2;
				LIBRARY_SEARCH_PATHS = (
					"$(inherited)",
					"\"$(SRCROOT)/FLAPI\"",
				);
				PRODUCT_NAME = FlowerForAll;
				TARGETED_DEVICE_FAMILY = 1;
			};
			name = Release;
		};
		C01FCF4F08A954540054247B /* Debug */ = {
			isa = XCBuildConfiguration;
			buildSettings = {
				ADDITIONAL_SDKS = "/Library/SDKs/CorePlotSDK/${PLATFORM_NAME}.sdk";
				ARCHS = "$(ARCHS_STANDARD_32_BIT)";
				"CODE_SIGN_IDENTITY[sdk=iphoneos*]" = "iPhone Developer";
				GCC_C_LANGUAGE_STANDARD = c99;
				GCC_WARN_ABOUT_RETURN_TYPE = YES;
				GCC_WARN_UNUSED_VARIABLE = YES;
				HEADER_SEARCH_PATHS = "/Library/SDKs/CorePlotSDK/${PLATFORM_NAME}.sdk/usr/include/CorePlot";
				LIBRARY_SEARCH_PATHS = "/Library/SDKs/CorePlotSDK/${PLATFORM_NAME}.sdk/usr/lib";
				ONLY_ACTIVE_ARCH = YES;
				OTHER_LDFLAGS = (
					"-lCorePlot",
					"-all_load",
					"-ObjC",
				);
				SDKROOT = iphoneos3.2;
			};
			name = Debug;
		};
		C01FCF5008A954540054247B /* Release */ = {
			isa = XCBuildConfiguration;
			buildSettings = {
				ADDITIONAL_SDKS = "/Library/SDKs/CorePlotSDK/${PLATFORM_NAME}.sdk";
				ARCHS = "$(ARCHS_STANDARD_32_BIT)";
				"CODE_SIGN_IDENTITY[sdk=iphoneos*]" = "iPhone Developer";
				GCC_C_LANGUAGE_STANDARD = c99;
				GCC_WARN_ABOUT_RETURN_TYPE = YES;
				GCC_WARN_UNUSED_VARIABLE = YES;
				HEADER_SEARCH_PATHS = "/Library/SDKs/CorePlotSDK/${PLATFORM_NAME}.sdk/usr/include/CorePlot";
				LIBRARY_SEARCH_PATHS = "/Library/SDKs/CorePlotSDK/${PLATFORM_NAME}.sdk/usr/lib";
				OTHER_LDFLAGS = (
					"-lCorePlot",
					"-all_load",
					"-ObjC",
				);
				SDKROOT = iphoneos3.2;
			};
			name = Release;
		};
/* End XCBuildConfiguration section */

/* Begin XCConfigurationList section */
		1D6058960D05DD3E006BFB54 /* Build configuration list for PBXNativeTarget "FlowerForAll" */ = {
			isa = XCConfigurationList;
			buildConfigurations = (
				1D6058940D05DD3E006BFB54 /* Debug */,
				1D6058950D05DD3E006BFB54 /* Release */,
			);
			defaultConfigurationIsVisible = 0;
			defaultConfigurationName = Release;
		};
		C01FCF4E08A954540054247B /* Build configuration list for PBXProject "FlowerForAll" */ = {
			isa = XCConfigurationList;
			buildConfigurations = (
				C01FCF4F08A954540054247B /* Debug */,
				C01FCF5008A954540054247B /* Release */,
			);
			defaultConfigurationIsVisible = 0;
			defaultConfigurationName = Release;
		};
/* End XCConfigurationList section */
	};
	rootObject = 29B97313FDCFA39411CA2CEA /* Project object */;
}
