// !$*UTF8*$!
{
	archiveVersion = 1;
	classes = {
	};
	objectVersion = 46;
	objects = {

/* Begin PBXBuildFile section */
		1D60589B0D05DD56006BFB54 /* main.m in Sources */ = {isa = PBXBuildFile; fileRef = 29B97316FDCFA39411CA2CEA /* main.m */; };
		1D60589F0D05DD5A006BFB54 /* Foundation.framework in Frameworks */ = {isa = PBXBuildFile; fileRef = 1D30AB110D05D00D00671497 /* Foundation.framework */; };
		1DF5F4E00D08C38300B7A737 /* UIKit.framework in Frameworks */ = {isa = PBXBuildFile; fileRef = 1DF5F4DF0D08C38300B7A737 /* UIKit.framework */; };
		28AD733F0D9D9553002E5188 /* MainWindow.xib in Resources */ = {isa = PBXBuildFile; fileRef = 28AD733E0D9D9553002E5188 /* MainWindow.xib */; };
		28FD14FE0DC6FC130079059D /* EAGLView.m in Sources */ = {isa = PBXBuildFile; fileRef = 28FD14FD0DC6FC130079059D /* EAGLView.m */; };
		28FD15000DC6FC520079059D /* OpenGLES.framework in Frameworks */ = {isa = PBXBuildFile; fileRef = 28FD14FF0DC6FC520079059D /* OpenGLES.framework */; };
		28FD15080DC6FC5B0079059D /* QuartzCore.framework in Frameworks */ = {isa = PBXBuildFile; fileRef = 28FD15070DC6FC5B0079059D /* QuartzCore.framework */; };
		4E018F7813BB2D6B00333528 /* AVideoPlayer-icon.png in Resources */ = {isa = PBXBuildFile; fileRef = 4E018F7713BB2D6B00333528 /* AVideoPlayer-icon.png */; };
		4E141B0C13B35F1900698F53 /* Default-Portrait.png in Resources */ = {isa = PBXBuildFile; fileRef = 4E141B0613B35F1900698F53 /* Default-Portrait.png */; };
		4E141B0D13B35F1900698F53 /* Default.png in Resources */ = {isa = PBXBuildFile; fileRef = 4E141B0713B35F1900698F53 /* Default.png */; };
		4E141B0E13B35F1900698F53 /* Default@2x.png in Resources */ = {isa = PBXBuildFile; fileRef = 4E141B0813B35F1900698F53 /* Default@2x.png */; };
		4E141B0F13B35F1900698F53 /* Icon.png in Resources */ = {isa = PBXBuildFile; fileRef = 4E141B0913B35F1900698F53 /* Icon.png */; };
		4E141B1013B35F1900698F53 /* Icon-iPad.png in Resources */ = {isa = PBXBuildFile; fileRef = 4E141B0A13B35F1900698F53 /* Icon-iPad.png */; };
		4E141B1113B35F1900698F53 /* Icon@2x.png in Resources */ = {isa = PBXBuildFile; fileRef = 4E141B0B13B35F1900698F53 /* Icon@2x.png */; };
		4E141B1713B3769200698F53 /* SettingsView.xib in Resources */ = {isa = PBXBuildFile; fileRef = 4E141B1613B3769200698F53 /* SettingsView.xib */; };
		4E2F50001407D1F900C4C00C /* FLAPIview.m in Sources */ = {isa = PBXBuildFile; fileRef = 4E2F4FFE1407D1F900C4C00C /* FLAPIview.m */; };
		4E2F50011407D1F900C4C00C /* FLAPIview.xib in Resources */ = {isa = PBXBuildFile; fileRef = 4E2F4FFF1407D1F900C4C00C /* FLAPIview.xib */; };
		4E2F50071407DF8200C4C00C /* FLAPIBlow.m in Sources */ = {isa = PBXBuildFile; fileRef = 4E2F50061407DF8200C4C00C /* FLAPIBlow.m */; };
		4E3A7A7A13B8777D00853344 /* AVideoPlayer.m in Sources */ = {isa = PBXBuildFile; fileRef = 4E3A7A7813B8777D00853344 /* AVideoPlayer.m */; };
		4E3A7A7B13B8777D00853344 /* AVideoPlayer.xib in Resources */ = {isa = PBXBuildFile; fileRef = 4E3A7A7913B8777D00853344 /* AVideoPlayer.xib */; };
		4E3A7A7D13B877DD00853344 /* MediaPlayer.framework in Frameworks */ = {isa = PBXBuildFile; fileRef = 4E3A7A7C13B877DD00853344 /* MediaPlayer.framework */; };
		4E3A7A8313B884FD00853344 /* AVFoundation.framework in Frameworks */ = {isa = PBXBuildFile; fileRef = 4E3A7A8213B884FD00853344 /* AVFoundation.framework */; };
		4E4B815B14165374009CC45D /* FlowerHowTo.m4v in Resources */ = {isa = PBXBuildFile; fileRef = 4E4B815A14165374009CC45D /* FlowerHowTo.m4v */; };
		4E584855140E61CC003892DA /* BlowHistory.m in Sources */ = {isa = PBXBuildFile; fileRef = 4E584854140E61CC003892DA /* BlowHistory.m */; };
		4E713C2B1416703D00BF7099 /* subsys_ios_AVAudioSessionDelegate.m in Sources */ = {isa = PBXBuildFile; fileRef = 4E713C2A1416703D00BF7099 /* subsys_ios_AVAudioSessionDelegate.m */; };
		4E8F592E13A7AF6B00D9D3A7 /* DataAccess.m in Sources */ = {isa = PBXBuildFile; fileRef = 4E8F590213A7AF6B00D9D3A7 /* DataAccess.m */; };
		4E8F592F13A7AF6B00D9D3A7 /* DB.m in Sources */ = {isa = PBXBuildFile; fileRef = 4E8F590413A7AF6B00D9D3A7 /* DB.m */; };
		4E8F593013A7AF6B00D9D3A7 /* DateClassificationResult.m in Sources */ = {isa = PBXBuildFile; fileRef = 4E8F590613A7AF6B00D9D3A7 /* DateClassificationResult.m */; };
		4E8F593113A7AF6B00D9D3A7 /* DateClassifier.m in Sources */ = {isa = PBXBuildFile; fileRef = 4E8F590813A7AF6B00D9D3A7 /* DateClassifier.m */; };
		4E8F593213A7AF6B00D9D3A7 /* Exercise.m in Sources */ = {isa = PBXBuildFile; fileRef = 4E8F590A13A7AF6B00D9D3A7 /* Exercise.m */; };
		4E8F593313A7AF6B00D9D3A7 /* Expiration.m in Sources */ = {isa = PBXBuildFile; fileRef = 4E8F590C13A7AF6B00D9D3A7 /* Expiration.m */; };
		4E8F593513A7AF6B00D9D3A7 /* FlowerController.m in Sources */ = {isa = PBXBuildFile; fileRef = 4E8F591013A7AF6B00D9D3A7 /* FlowerController.m */; };
		4E8F593613A7AF6B00D9D3A7 /* FlowerController.xib in Resources */ = {isa = PBXBuildFile; fileRef = 4E8F591113A7AF6B00D9D3A7 /* FlowerController.xib */; };
		4E8F593713A7AF6B00D9D3A7 /* FlutterApp2AppDelegate.m in Sources */ = {isa = PBXBuildFile; fileRef = 4E8F591313A7AF6B00D9D3A7 /* FlutterApp2AppDelegate.m */; };
		4E8F593813A7AF6B00D9D3A7 /* GameParametersViewController.m in Sources */ = {isa = PBXBuildFile; fileRef = 4E8F591513A7AF6B00D9D3A7 /* GameParametersViewController.m */; };
		4E8F593913A7AF6B00D9D3A7 /* GameViewController.m in Sources */ = {isa = PBXBuildFile; fileRef = 4E8F591713A7AF6B00D9D3A7 /* GameViewController.m */; };
		4E8F593A13A7AF6B00D9D3A7 /* MonthStatisticListViewController.m in Sources */ = {isa = PBXBuildFile; fileRef = 4E8F591913A7AF6B00D9D3A7 /* MonthStatisticListViewController.m */; };
		4E8F593B13A7AF6B00D9D3A7 /* SettingChoiceViewController.m in Sources */ = {isa = PBXBuildFile; fileRef = 4E8F591B13A7AF6B00D9D3A7 /* SettingChoiceViewController.m */; };
		4E8F593C13A7AF6B00D9D3A7 /* SettingsViewController.m in Sources */ = {isa = PBXBuildFile; fileRef = 4E8F591D13A7AF6B00D9D3A7 /* SettingsViewController.m */; };
		4E8F593D13A7AF6B00D9D3A7 /* StatisticCell.m in Sources */ = {isa = PBXBuildFile; fileRef = 4E8F591F13A7AF6B00D9D3A7 /* StatisticCell.m */; };
		4E8F593E13A7AF6B00D9D3A7 /* StatisticDetailViewController.m in Sources */ = {isa = PBXBuildFile; fileRef = 4E8F592113A7AF6B00D9D3A7 /* StatisticDetailViewController.m */; };
		4E8F593F13A7AF6B00D9D3A7 /* StatisticListViewController.m in Sources */ = {isa = PBXBuildFile; fileRef = 4E8F592313A7AF6B00D9D3A7 /* StatisticListViewController.m */; };
		4E8F594013A7AF6B00D9D3A7 /* StatisticsViewController.m in Sources */ = {isa = PBXBuildFile; fileRef = 4E8F592513A7AF6B00D9D3A7 /* StatisticsViewController.m */; };
		4E8F594213A7AF6B00D9D3A7 /* UserDetailViewController.m in Sources */ = {isa = PBXBuildFile; fileRef = 4E8F592913A7AF6B00D9D3A7 /* UserDetailViewController.m */; };
		4E8F594313A7AF6B00D9D3A7 /* UserListViewController.m in Sources */ = {isa = PBXBuildFile; fileRef = 4E8F592B13A7AF6B00D9D3A7 /* UserListViewController.m */; };
		4E8F594413A7AF6B00D9D3A7 /* YearStatisticListViewController.m in Sources */ = {isa = PBXBuildFile; fileRef = 4E8F592D13A7AF6B00D9D3A7 /* YearStatisticListViewController.m */; };
		4E8F594813A7AF8B00D9D3A7 /* Localizable.strings in Resources */ = {isa = PBXBuildFile; fileRef = 4E8F594613A7AF8B00D9D3A7 /* Localizable.strings */; };
		4E8F594C13A7AF9800D9D3A7 /* Localizable.strings in Resources */ = {isa = PBXBuildFile; fileRef = 4E8F594A13A7AF9800D9D3A7 /* Localizable.strings */; };
		4E8F595713A7AFA900D9D3A7 /* GameParametersView.xib in Resources */ = {isa = PBXBuildFile; fileRef = 4E8F594D13A7AFA900D9D3A7 /* GameParametersView.xib */; };
		4E8F595813A7AFA900D9D3A7 /* GameView.xib in Resources */ = {isa = PBXBuildFile; fileRef = 4E8F594E13A7AFA900D9D3A7 /* GameView.xib */; };
		4E8F595A13A7AFA900D9D3A7 /* SettingChoiceView.xib in Resources */ = {isa = PBXBuildFile; fileRef = 4E8F595013A7AFA900D9D3A7 /* SettingChoiceView.xib */; };
		4E8F595B13A7AFA900D9D3A7 /* FlutterApp2Database.sql in Resources */ = {isa = PBXBuildFile; fileRef = 4E8F595213A7AFA900D9D3A7 /* FlutterApp2Database.sql */; };
		4E8F595C13A7AFA900D9D3A7 /* StatisticDetailView.xib in Resources */ = {isa = PBXBuildFile; fileRef = 4E8F595313A7AFA900D9D3A7 /* StatisticDetailView.xib */; };
		4E8F595D13A7AFA900D9D3A7 /* StatisticListView.xib in Resources */ = {isa = PBXBuildFile; fileRef = 4E8F595413A7AFA900D9D3A7 /* StatisticListView.xib */; };
		4E8F595E13A7AFA900D9D3A7 /* UserDetailView.xib in Resources */ = {isa = PBXBuildFile; fileRef = 4E8F595513A7AFA900D9D3A7 /* UserDetailView.xib */; };
		4E8F595F13A7AFA900D9D3A7 /* UserListView.xib in Resources */ = {isa = PBXBuildFile; fileRef = 4E8F595613A7AFA900D9D3A7 /* UserListView.xib */; };
		4E8F596713A7B6FF00D9D3A7 /* libsqlite3.0.dylib in Frameworks */ = {isa = PBXBuildFile; fileRef = 4E8F596613A7B6FE00D9D3A7 /* libsqlite3.0.dylib */; };
		4E92E73F13C72C9C0060FBF6 /* NSObject+SBJson.m in Sources */ = {isa = PBXBuildFile; fileRef = 4E92E72713C72C9C0060FBF6 /* NSObject+SBJson.m */; };
		4E92E74013C72C9C0060FBF6 /* SBJsonParser.m in Sources */ = {isa = PBXBuildFile; fileRef = 4E92E72A13C72C9C0060FBF6 /* SBJsonParser.m */; };
		4E92E74113C72C9C0060FBF6 /* SBJsonStreamParser.m in Sources */ = {isa = PBXBuildFile; fileRef = 4E92E72C13C72C9C0060FBF6 /* SBJsonStreamParser.m */; };
		4E92E74213C72C9C0060FBF6 /* SBJsonStreamParserAccumulator.m in Sources */ = {isa = PBXBuildFile; fileRef = 4E92E72E13C72C9C0060FBF6 /* SBJsonStreamParserAccumulator.m */; };
		4E92E74313C72C9C0060FBF6 /* SBJsonStreamParserAdapter.m in Sources */ = {isa = PBXBuildFile; fileRef = 4E92E73013C72C9C0060FBF6 /* SBJsonStreamParserAdapter.m */; };
		4E92E74413C72C9C0060FBF6 /* SBJsonStreamParserState.m in Sources */ = {isa = PBXBuildFile; fileRef = 4E92E73213C72C9C0060FBF6 /* SBJsonStreamParserState.m */; };
		4E92E74513C72C9C0060FBF6 /* SBJsonStreamWriter.m in Sources */ = {isa = PBXBuildFile; fileRef = 4E92E73413C72C9C0060FBF6 /* SBJsonStreamWriter.m */; };
		4E92E74613C72C9C0060FBF6 /* SBJsonStreamWriterAccumulator.m in Sources */ = {isa = PBXBuildFile; fileRef = 4E92E73613C72C9C0060FBF6 /* SBJsonStreamWriterAccumulator.m */; };
		4E92E74713C72C9C0060FBF6 /* SBJsonStreamWriterState.m in Sources */ = {isa = PBXBuildFile; fileRef = 4E92E73813C72C9C0060FBF6 /* SBJsonStreamWriterState.m */; };
		4E92E74813C72C9C0060FBF6 /* SBJsonTokeniser.m in Sources */ = {isa = PBXBuildFile; fileRef = 4E92E73A13C72C9C0060FBF6 /* SBJsonTokeniser.m */; };
		4E92E74913C72C9C0060FBF6 /* SBJsonUTF8Stream.m in Sources */ = {isa = PBXBuildFile; fileRef = 4E92E73C13C72C9C0060FBF6 /* SBJsonUTF8Stream.m */; };
		4E92E74A13C72C9C0060FBF6 /* SBJsonWriter.m in Sources */ = {isa = PBXBuildFile; fileRef = 4E92E73E13C72C9C0060FBF6 /* SBJsonWriter.m */; };
		4E92E74D13C72D3A0060FBF6 /* ConnectionManager.m in Sources */ = {isa = PBXBuildFile; fileRef = 4E92E74C13C72D3A0060FBF6 /* ConnectionManager.m */; };
		4EBFFD611414CD4300D4BE9C /* FLAPIExercice.m in Sources */ = {isa = PBXBuildFile; fileRef = 4EBFFD601414CD4300D4BE9C /* FLAPIExercice.m */; };
		4ECC6CAE1404E171005519C7 /* UserPicker.m in Sources */ = {isa = PBXBuildFile; fileRef = 4ECC6CAD1404E171005519C7 /* UserPicker.m */; };
		4ECC6CB11404E5F7005519C7 /* UserManager.m in Sources */ = {isa = PBXBuildFile; fileRef = 4ECC6CB01404E5F7005519C7 /* UserManager.m */; };
		4ECC6CB414053744005519C7 /* User.m in Sources */ = {isa = PBXBuildFile; fileRef = 4ECC6CB314053744005519C7 /* User.m */; };
		4EFC3EBB14064911002F0BF7 /* DoubleSlider.m in Sources */ = {isa = PBXBuildFile; fileRef = 4EFC3EB814064911002F0BF7 /* DoubleSlider.m */; };
		4EFC3EBC14064911002F0BF7 /* handle_highlight.png in Resources */ = {isa = PBXBuildFile; fileRef = 4EFC3EB914064911002F0BF7 /* handle_highlight.png */; };
		4EFC3EBD14064911002F0BF7 /* handle.png in Resources */ = {isa = PBXBuildFile; fileRef = 4EFC3EBA14064911002F0BF7 /* handle.png */; };
		4EFC3EC01406837D002F0BF7 /* ParametersManager.m in Sources */ = {isa = PBXBuildFile; fileRef = 4EFC3EBF1406837D002F0BF7 /* ParametersManager.m */; };
		4EFDB06C13AA022E003BD83A /* libFLAPISP-ios.a in Frameworks */ = {isa = PBXBuildFile; fileRef = 4EFDB06B13AA022E003BD83A /* libFLAPISP-ios.a */; };
		D701908B141618510072D020 /* goal.wav in Resources */ = {isa = PBXBuildFile; fileRef = D701908A141618510072D020 /* goal.wav */; };
		D702D18E14152C69005A1764 /* volcano.png in Resources */ = {isa = PBXBuildFile; fileRef = D702D18D14152C69005A1764 /* volcano.png */; };
		D72E028E139E448200F3687C /* FLAPIX.mm in Sources */ = {isa = PBXBuildFile; fileRef = D72E028A139E448200F3687C /* FLAPIX.mm */; };
		D72E028F139E448200F3687C /* libFLAPISP-simulator.a in Frameworks */ = {isa = PBXBuildFile; fileRef = D72E028B139E448200F3687C /* libFLAPISP-simulator.a */; };
		D72E0290139E448200F3687C /* subsys_ios.mm in Sources */ = {isa = PBXBuildFile; fileRef = D72E028D139E448200F3687C /* subsys_ios.mm */; };
		D72E02AB139E4F4E00F3687C /* AudioToolbox.framework in Frameworks */ = {isa = PBXBuildFile; fileRef = D72E02AA139E4F4E00F3687C /* AudioToolbox.framework */; };
		D72E02AD139E500800F3687C /* FLAPIrecorded.raw in Resources */ = {isa = PBXBuildFile; fileRef = D72E02AC139E500800F3687C /* FLAPIrecorded.raw */; };
		D77B109A140FC5A600897203 /* icon_contents_page_selected.png in Resources */ = {isa = PBXBuildFile; fileRef = D77B1096140FC5A600897203 /* icon_contents_page_selected.png */; };
		D77B109B140FC5A600897203 /* icon_contents_page_unselected.png in Resources */ = {isa = PBXBuildFile; fileRef = D77B1097140FC5A600897203 /* icon_contents_page_unselected.png */; };
		D77B109C140FC5A600897203 /* RSPageControl.m in Sources */ = {isa = PBXBuildFile; fileRef = D77B1099140FC5A600897203 /* RSPageControl.m */; };
		D7A9942A14165763000AA64A /* param-icon.png in Resources */ = {isa = PBXBuildFile; fileRef = D7A9942814165763000AA64A /* param-icon.png */; };
		D7A9942B14165763000AA64A /* volcano-icon.png in Resources */ = {isa = PBXBuildFile; fileRef = D7A9942914165763000AA64A /* volcano-icon.png */; };
		D7A9942E14165D09000AA64A /* help.png in Resources */ = {isa = PBXBuildFile; fileRef = D7A9942D14165D09000AA64A /* help.png */; };
		D7ABFF88140B8227003B9F08 /* HistoryViewController.m in Sources */ = {isa = PBXBuildFile; fileRef = D7ABFF86140B8227003B9F08 /* HistoryViewController.m */; };
		D7ABFF8D140BB471003B9F08 /* CoreGraphics.framework in Frameworks */ = {isa = PBXBuildFile; fileRef = D7ABFF8C140BB471003B9F08 /* CoreGraphics.framework */; };
		D7AD2ADC14174CA2004C6034 /* burst.png in Resources */ = {isa = PBXBuildFile; fileRef = D7AD2ADB14174CA2004C6034 /* burst.png */; };
		D7D64652141659B700F0DE4F /* explosion.wav in Resources */ = {isa = PBXBuildFile; fileRef = D7D64651141659B700F0DE4F /* explosion.wav */; };
/* End PBXBuildFile section */

/* Begin PBXFileReference section */
		1D30AB110D05D00D00671497 /* Foundation.framework */ = {isa = PBXFileReference; lastKnownFileType = wrapper.framework; name = Foundation.framework; path = System/Library/Frameworks/Foundation.framework; sourceTree = SDKROOT; };
		1D6058910D05DD3D006BFB54 /* FlowerForAll.app */ = {isa = PBXFileReference; explicitFileType = wrapper.application; includeInIndex = 0; path = FlowerForAll.app; sourceTree = BUILT_PRODUCTS_DIR; };
		1DF5F4DF0D08C38300B7A737 /* UIKit.framework */ = {isa = PBXFileReference; lastKnownFileType = wrapper.framework; name = UIKit.framework; path = System/Library/Frameworks/UIKit.framework; sourceTree = SDKROOT; };
		28AD733E0D9D9553002E5188 /* MainWindow.xib */ = {isa = PBXFileReference; lastKnownFileType = file.xib; path = MainWindow.xib; sourceTree = "<group>"; };
		28FD14FC0DC6FC130079059D /* EAGLView.h */ = {isa = PBXFileReference; fileEncoding = 4; lastKnownFileType = sourcecode.c.h; path = EAGLView.h; sourceTree = "<group>"; };
		28FD14FD0DC6FC130079059D /* EAGLView.m */ = {isa = PBXFileReference; fileEncoding = 4; lastKnownFileType = sourcecode.c.objc; path = EAGLView.m; sourceTree = "<group>"; };
		28FD14FF0DC6FC520079059D /* OpenGLES.framework */ = {isa = PBXFileReference; lastKnownFileType = wrapper.framework; name = OpenGLES.framework; path = System/Library/Frameworks/OpenGLES.framework; sourceTree = SDKROOT; };
		28FD15070DC6FC5B0079059D /* QuartzCore.framework */ = {isa = PBXFileReference; lastKnownFileType = wrapper.framework; name = QuartzCore.framework; path = System/Library/Frameworks/QuartzCore.framework; sourceTree = SDKROOT; };
		29B97316FDCFA39411CA2CEA /* main.m */ = {isa = PBXFileReference; fileEncoding = 4; lastKnownFileType = sourcecode.c.objc; path = main.m; sourceTree = "<group>"; };
		32CA4F630368D1EE00C91783 /* FlowerForAll_Prefix.pch */ = {isa = PBXFileReference; fileEncoding = 4; lastKnownFileType = sourcecode.c.h; path = FlowerForAll_Prefix.pch; sourceTree = "<group>"; };
		4E018F7713BB2D6B00333528 /* AVideoPlayer-icon.png */ = {isa = PBXFileReference; lastKnownFileType = image.png; path = "AVideoPlayer-icon.png"; sourceTree = "<group>"; };
		4E141B0613B35F1900698F53 /* Default-Portrait.png */ = {isa = PBXFileReference; lastKnownFileType = image.png; path = "Default-Portrait.png"; sourceTree = "<group>"; };
		4E141B0713B35F1900698F53 /* Default.png */ = {isa = PBXFileReference; lastKnownFileType = image.png; path = Default.png; sourceTree = "<group>"; };
		4E141B0813B35F1900698F53 /* Default@2x.png */ = {isa = PBXFileReference; lastKnownFileType = image.png; path = "Default@2x.png"; sourceTree = "<group>"; };
		4E141B0913B35F1900698F53 /* Icon.png */ = {isa = PBXFileReference; lastKnownFileType = image.png; path = Icon.png; sourceTree = "<group>"; };
		4E141B0A13B35F1900698F53 /* Icon-iPad.png */ = {isa = PBXFileReference; lastKnownFileType = image.png; path = "Icon-iPad.png"; sourceTree = "<group>"; };
		4E141B0B13B35F1900698F53 /* Icon@2x.png */ = {isa = PBXFileReference; lastKnownFileType = image.png; path = "Icon@2x.png"; sourceTree = "<group>"; };
		4E141B1613B3769200698F53 /* SettingsView.xib */ = {isa = PBXFileReference; fileEncoding = 4; lastKnownFileType = file.xib; path = SettingsView.xib; sourceTree = "<group>"; };
		4E2F4FFD1407D1F900C4C00C /* FLAPIview.h */ = {isa = PBXFileReference; fileEncoding = 4; lastKnownFileType = sourcecode.c.h; path = FLAPIview.h; sourceTree = "<group>"; };
		4E2F4FFE1407D1F900C4C00C /* FLAPIview.m */ = {isa = PBXFileReference; fileEncoding = 4; lastKnownFileType = sourcecode.c.objc; path = FLAPIview.m; sourceTree = "<group>"; };
		4E2F4FFF1407D1F900C4C00C /* FLAPIview.xib */ = {isa = PBXFileReference; fileEncoding = 4; lastKnownFileType = file.xib; path = FLAPIview.xib; sourceTree = "<group>"; };
		4E2F50051407DF8200C4C00C /* FLAPIBlow.h */ = {isa = PBXFileReference; fileEncoding = 4; lastKnownFileType = sourcecode.c.h; path = FLAPIBlow.h; sourceTree = "<group>"; };
		4E2F50061407DF8200C4C00C /* FLAPIBlow.m */ = {isa = PBXFileReference; fileEncoding = 4; lastKnownFileType = sourcecode.c.objc; path = FLAPIBlow.m; sourceTree = "<group>"; };
		4E3A7A7713B8777D00853344 /* AVideoPlayer.h */ = {isa = PBXFileReference; fileEncoding = 4; lastKnownFileType = sourcecode.c.h; path = AVideoPlayer.h; sourceTree = "<group>"; };
		4E3A7A7813B8777D00853344 /* AVideoPlayer.m */ = {isa = PBXFileReference; fileEncoding = 4; lastKnownFileType = sourcecode.c.objc; path = AVideoPlayer.m; sourceTree = "<group>"; };
		4E3A7A7913B8777D00853344 /* AVideoPlayer.xib */ = {isa = PBXFileReference; fileEncoding = 4; lastKnownFileType = file.xib; path = AVideoPlayer.xib; sourceTree = "<group>"; };
		4E3A7A7C13B877DD00853344 /* MediaPlayer.framework */ = {isa = PBXFileReference; lastKnownFileType = wrapper.framework; name = MediaPlayer.framework; path = System/Library/Frameworks/MediaPlayer.framework; sourceTree = SDKROOT; };
		4E3A7A8213B884FD00853344 /* AVFoundation.framework */ = {isa = PBXFileReference; lastKnownFileType = wrapper.framework; name = AVFoundation.framework; path = System/Library/Frameworks/AVFoundation.framework; sourceTree = SDKROOT; };
		4E4B815A14165374009CC45D /* FlowerHowTo.m4v */ = {isa = PBXFileReference; lastKnownFileType = file; path = FlowerHowTo.m4v; sourceTree = "<group>"; };
		4E584853140E61CC003892DA /* BlowHistory.h */ = {isa = PBXFileReference; fileEncoding = 4; lastKnownFileType = sourcecode.c.h; path = BlowHistory.h; sourceTree = "<group>"; };
		4E584854140E61CC003892DA /* BlowHistory.m */ = {isa = PBXFileReference; fileEncoding = 4; lastKnownFileType = sourcecode.c.objc; path = BlowHistory.m; sourceTree = "<group>"; };
		4E713C291416703D00BF7099 /* subsys_ios_AVAudioSessionDelegate.h */ = {isa = PBXFileReference; fileEncoding = 4; lastKnownFileType = sourcecode.c.h; path = subsys_ios_AVAudioSessionDelegate.h; sourceTree = "<group>"; };
		4E713C2A1416703D00BF7099 /* subsys_ios_AVAudioSessionDelegate.m */ = {isa = PBXFileReference; fileEncoding = 4; lastKnownFileType = sourcecode.c.objc; path = subsys_ios_AVAudioSessionDelegate.m; sourceTree = "<group>"; };
		4E8F590113A7AF6B00D9D3A7 /* DataAccess.h */ = {isa = PBXFileReference; fileEncoding = 4; lastKnownFileType = sourcecode.c.h; path = DataAccess.h; sourceTree = "<group>"; };
		4E8F590213A7AF6B00D9D3A7 /* DataAccess.m */ = {isa = PBXFileReference; fileEncoding = 4; lastKnownFileType = sourcecode.c.objc; path = DataAccess.m; sourceTree = "<group>"; };
		4E8F590313A7AF6B00D9D3A7 /* DB.h */ = {isa = PBXFileReference; fileEncoding = 4; lastKnownFileType = sourcecode.c.h; path = DB.h; sourceTree = "<group>"; };
		4E8F590413A7AF6B00D9D3A7 /* DB.m */ = {isa = PBXFileReference; fileEncoding = 4; lastKnownFileType = sourcecode.c.objc; lineEnding = 0; path = DB.m; sourceTree = "<group>"; xcLanguageSpecificationIdentifier = xcode.lang.objc; };
		4E8F590513A7AF6B00D9D3A7 /* DateClassificationResult.h */ = {isa = PBXFileReference; fileEncoding = 4; lastKnownFileType = sourcecode.c.h; path = DateClassificationResult.h; sourceTree = "<group>"; };
		4E8F590613A7AF6B00D9D3A7 /* DateClassificationResult.m */ = {isa = PBXFileReference; fileEncoding = 4; lastKnownFileType = sourcecode.c.objc; path = DateClassificationResult.m; sourceTree = "<group>"; };
		4E8F590713A7AF6B00D9D3A7 /* DateClassifier.h */ = {isa = PBXFileReference; fileEncoding = 4; lastKnownFileType = sourcecode.c.h; path = DateClassifier.h; sourceTree = "<group>"; };
		4E8F590813A7AF6B00D9D3A7 /* DateClassifier.m */ = {isa = PBXFileReference; fileEncoding = 4; lastKnownFileType = sourcecode.c.objc; path = DateClassifier.m; sourceTree = "<group>"; };
		4E8F590913A7AF6B00D9D3A7 /* Exercise.h */ = {isa = PBXFileReference; fileEncoding = 4; lastKnownFileType = sourcecode.c.h; path = Exercise.h; sourceTree = "<group>"; };
		4E8F590A13A7AF6B00D9D3A7 /* Exercise.m */ = {isa = PBXFileReference; fileEncoding = 4; lastKnownFileType = sourcecode.c.objc; path = Exercise.m; sourceTree = "<group>"; };
		4E8F590B13A7AF6B00D9D3A7 /* Expiration.h */ = {isa = PBXFileReference; fileEncoding = 4; lastKnownFileType = sourcecode.c.h; path = Expiration.h; sourceTree = "<group>"; };
		4E8F590C13A7AF6B00D9D3A7 /* Expiration.m */ = {isa = PBXFileReference; fileEncoding = 4; lastKnownFileType = sourcecode.c.objc; path = Expiration.m; sourceTree = "<group>"; };
		4E8F590F13A7AF6B00D9D3A7 /* FlowerController.h */ = {isa = PBXFileReference; fileEncoding = 4; lastKnownFileType = sourcecode.c.h; path = FlowerController.h; sourceTree = "<group>"; };
		4E8F591013A7AF6B00D9D3A7 /* FlowerController.m */ = {isa = PBXFileReference; fileEncoding = 4; lastKnownFileType = sourcecode.c.objc; path = FlowerController.m; sourceTree = "<group>"; };
		4E8F591113A7AF6B00D9D3A7 /* FlowerController.xib */ = {isa = PBXFileReference; fileEncoding = 4; lastKnownFileType = file.xib; path = FlowerController.xib; sourceTree = "<group>"; };
		4E8F591213A7AF6B00D9D3A7 /* FlutterApp2AppDelegate.h */ = {isa = PBXFileReference; fileEncoding = 4; lastKnownFileType = sourcecode.c.h; path = FlutterApp2AppDelegate.h; sourceTree = "<group>"; };
		4E8F591313A7AF6B00D9D3A7 /* FlutterApp2AppDelegate.m */ = {isa = PBXFileReference; fileEncoding = 4; lastKnownFileType = sourcecode.c.objc; path = FlutterApp2AppDelegate.m; sourceTree = "<group>"; };
		4E8F591413A7AF6B00D9D3A7 /* GameParametersViewController.h */ = {isa = PBXFileReference; fileEncoding = 4; lastKnownFileType = sourcecode.c.h; path = GameParametersViewController.h; sourceTree = "<group>"; };
		4E8F591513A7AF6B00D9D3A7 /* GameParametersViewController.m */ = {isa = PBXFileReference; fileEncoding = 4; lastKnownFileType = sourcecode.c.objc; path = GameParametersViewController.m; sourceTree = "<group>"; };
		4E8F591613A7AF6B00D9D3A7 /* GameViewController.h */ = {isa = PBXFileReference; fileEncoding = 4; lastKnownFileType = sourcecode.c.h; path = GameViewController.h; sourceTree = "<group>"; };
		4E8F591713A7AF6B00D9D3A7 /* GameViewController.m */ = {isa = PBXFileReference; fileEncoding = 4; lastKnownFileType = sourcecode.c.objc; path = GameViewController.m; sourceTree = "<group>"; };
		4E8F591813A7AF6B00D9D3A7 /* MonthStatisticListViewController.h */ = {isa = PBXFileReference; fileEncoding = 4; lastKnownFileType = sourcecode.c.h; path = MonthStatisticListViewController.h; sourceTree = "<group>"; };
		4E8F591913A7AF6B00D9D3A7 /* MonthStatisticListViewController.m */ = {isa = PBXFileReference; fileEncoding = 4; lastKnownFileType = sourcecode.c.objc; path = MonthStatisticListViewController.m; sourceTree = "<group>"; };
		4E8F591A13A7AF6B00D9D3A7 /* SettingChoiceViewController.h */ = {isa = PBXFileReference; fileEncoding = 4; lastKnownFileType = sourcecode.c.h; path = SettingChoiceViewController.h; sourceTree = "<group>"; };
		4E8F591B13A7AF6B00D9D3A7 /* SettingChoiceViewController.m */ = {isa = PBXFileReference; fileEncoding = 4; lastKnownFileType = sourcecode.c.objc; path = SettingChoiceViewController.m; sourceTree = "<group>"; };
		4E8F591C13A7AF6B00D9D3A7 /* SettingsViewController.h */ = {isa = PBXFileReference; fileEncoding = 4; lastKnownFileType = sourcecode.c.h; path = SettingsViewController.h; sourceTree = "<group>"; };
		4E8F591D13A7AF6B00D9D3A7 /* SettingsViewController.m */ = {isa = PBXFileReference; fileEncoding = 4; lastKnownFileType = sourcecode.c.objc; path = SettingsViewController.m; sourceTree = "<group>"; };
		4E8F591E13A7AF6B00D9D3A7 /* StatisticCell.h */ = {isa = PBXFileReference; fileEncoding = 4; lastKnownFileType = sourcecode.c.h; path = StatisticCell.h; sourceTree = "<group>"; };
		4E8F591F13A7AF6B00D9D3A7 /* StatisticCell.m */ = {isa = PBXFileReference; fileEncoding = 4; lastKnownFileType = sourcecode.c.objc; path = StatisticCell.m; sourceTree = "<group>"; };
		4E8F592013A7AF6B00D9D3A7 /* StatisticDetailViewController.h */ = {isa = PBXFileReference; fileEncoding = 4; lastKnownFileType = sourcecode.c.h; path = StatisticDetailViewController.h; sourceTree = "<group>"; };
		4E8F592113A7AF6B00D9D3A7 /* StatisticDetailViewController.m */ = {isa = PBXFileReference; fileEncoding = 4; lastKnownFileType = sourcecode.c.objc; path = StatisticDetailViewController.m; sourceTree = "<group>"; };
		4E8F592213A7AF6B00D9D3A7 /* StatisticListViewController.h */ = {isa = PBXFileReference; fileEncoding = 4; lastKnownFileType = sourcecode.c.h; path = StatisticListViewController.h; sourceTree = "<group>"; };
		4E8F592313A7AF6B00D9D3A7 /* StatisticListViewController.m */ = {isa = PBXFileReference; fileEncoding = 4; lastKnownFileType = sourcecode.c.objc; path = StatisticListViewController.m; sourceTree = "<group>"; };
		4E8F592413A7AF6B00D9D3A7 /* StatisticsViewController.h */ = {isa = PBXFileReference; fileEncoding = 4; lastKnownFileType = sourcecode.c.h; path = StatisticsViewController.h; sourceTree = "<group>"; };
		4E8F592513A7AF6B00D9D3A7 /* StatisticsViewController.m */ = {isa = PBXFileReference; fileEncoding = 4; lastKnownFileType = sourcecode.c.objc; path = StatisticsViewController.m; sourceTree = "<group>"; };
		4E8F592813A7AF6B00D9D3A7 /* UserDetailViewController.h */ = {isa = PBXFileReference; fileEncoding = 4; lastKnownFileType = sourcecode.c.h; path = UserDetailViewController.h; sourceTree = "<group>"; };
		4E8F592913A7AF6B00D9D3A7 /* UserDetailViewController.m */ = {isa = PBXFileReference; fileEncoding = 4; lastKnownFileType = sourcecode.c.objc; path = UserDetailViewController.m; sourceTree = "<group>"; };
		4E8F592A13A7AF6B00D9D3A7 /* UserListViewController.h */ = {isa = PBXFileReference; fileEncoding = 4; lastKnownFileType = sourcecode.c.h; path = UserListViewController.h; sourceTree = "<group>"; };
		4E8F592B13A7AF6B00D9D3A7 /* UserListViewController.m */ = {isa = PBXFileReference; fileEncoding = 4; lastKnownFileType = sourcecode.c.objc; path = UserListViewController.m; sourceTree = "<group>"; };
		4E8F592C13A7AF6B00D9D3A7 /* YearStatisticListViewController.h */ = {isa = PBXFileReference; fileEncoding = 4; lastKnownFileType = sourcecode.c.h; path = YearStatisticListViewController.h; sourceTree = "<group>"; };
		4E8F592D13A7AF6B00D9D3A7 /* YearStatisticListViewController.m */ = {isa = PBXFileReference; fileEncoding = 4; lastKnownFileType = sourcecode.c.objc; path = YearStatisticListViewController.m; sourceTree = "<group>"; };
		4E8F594713A7AF8B00D9D3A7 /* en */ = {isa = PBXFileReference; lastKnownFileType = text.plist.strings; name = en; path = Localizable.strings; sourceTree = "<group>"; };
		4E8F594B13A7AF9800D9D3A7 /* fr */ = {isa = PBXFileReference; lastKnownFileType = text.plist.strings; name = fr; path = Localizable.strings; sourceTree = "<group>"; };
		4E8F594D13A7AFA900D9D3A7 /* GameParametersView.xib */ = {isa = PBXFileReference; fileEncoding = 4; lastKnownFileType = file.xib; name = GameParametersView.xib; path = ../GameParametersView.xib; sourceTree = "<group>"; };
		4E8F594E13A7AFA900D9D3A7 /* GameView.xib */ = {isa = PBXFileReference; fileEncoding = 4; lastKnownFileType = file.xib; name = GameView.xib; path = ../GameView.xib; sourceTree = "<group>"; };
		4E8F595013A7AFA900D9D3A7 /* SettingChoiceView.xib */ = {isa = PBXFileReference; fileEncoding = 4; lastKnownFileType = file.xib; name = SettingChoiceView.xib; path = ../SettingChoiceView.xib; sourceTree = "<group>"; };
		4E8F595213A7AFA900D9D3A7 /* FlutterApp2Database.sql */ = {isa = PBXFileReference; lastKnownFileType = file; path = FlutterApp2Database.sql; sourceTree = "<group>"; };
		4E8F595313A7AFA900D9D3A7 /* StatisticDetailView.xib */ = {isa = PBXFileReference; fileEncoding = 4; lastKnownFileType = file.xib; name = StatisticDetailView.xib; path = ../StatisticDetailView.xib; sourceTree = "<group>"; };
		4E8F595413A7AFA900D9D3A7 /* StatisticListView.xib */ = {isa = PBXFileReference; fileEncoding = 4; lastKnownFileType = file.xib; name = StatisticListView.xib; path = ../StatisticListView.xib; sourceTree = "<group>"; };
		4E8F595513A7AFA900D9D3A7 /* UserDetailView.xib */ = {isa = PBXFileReference; fileEncoding = 4; lastKnownFileType = file.xib; name = UserDetailView.xib; path = ../UserDetailView.xib; sourceTree = "<group>"; };
		4E8F595613A7AFA900D9D3A7 /* UserListView.xib */ = {isa = PBXFileReference; fileEncoding = 4; lastKnownFileType = file.xib; name = UserListView.xib; path = ../UserListView.xib; sourceTree = "<group>"; };
		4E8F596413A7B67D00D9D3A7 /* CoreGraphics.framework */ = {isa = PBXFileReference; lastKnownFileType = wrapper.framework; name = CoreGraphics.framework; path = System/Library/Frameworks/CoreGraphics.framework; sourceTree = SDKROOT; };
		4E8F596613A7B6FE00D9D3A7 /* libsqlite3.0.dylib */ = {isa = PBXFileReference; lastKnownFileType = "compiled.mach-o.dylib"; name = libsqlite3.0.dylib; path = usr/lib/libsqlite3.0.dylib; sourceTree = SDKROOT; };
		4E92E72513C72C9C0060FBF6 /* JSON.h */ = {isa = PBXFileReference; fileEncoding = 4; lastKnownFileType = sourcecode.c.h; name = JSON.h; path = Classes/JSON.h; sourceTree = "<group>"; };
		4E92E72613C72C9C0060FBF6 /* NSObject+SBJson.h */ = {isa = PBXFileReference; fileEncoding = 4; lastKnownFileType = sourcecode.c.h; name = "NSObject+SBJson.h"; path = "Classes/NSObject+SBJson.h"; sourceTree = "<group>"; };
		4E92E72713C72C9C0060FBF6 /* NSObject+SBJson.m */ = {isa = PBXFileReference; fileEncoding = 4; lastKnownFileType = sourcecode.c.objc; name = "NSObject+SBJson.m"; path = "Classes/NSObject+SBJson.m"; sourceTree = "<group>"; };
		4E92E72813C72C9C0060FBF6 /* SBJson.h */ = {isa = PBXFileReference; fileEncoding = 4; lastKnownFileType = sourcecode.c.h; name = SBJson.h; path = Classes/SBJson.h; sourceTree = "<group>"; };
		4E92E72913C72C9C0060FBF6 /* SBJsonParser.h */ = {isa = PBXFileReference; fileEncoding = 4; lastKnownFileType = sourcecode.c.h; name = SBJsonParser.h; path = Classes/SBJsonParser.h; sourceTree = "<group>"; };
		4E92E72A13C72C9C0060FBF6 /* SBJsonParser.m */ = {isa = PBXFileReference; fileEncoding = 4; lastKnownFileType = sourcecode.c.objc; name = SBJsonParser.m; path = Classes/SBJsonParser.m; sourceTree = "<group>"; };
		4E92E72B13C72C9C0060FBF6 /* SBJsonStreamParser.h */ = {isa = PBXFileReference; fileEncoding = 4; lastKnownFileType = sourcecode.c.h; name = SBJsonStreamParser.h; path = Classes/SBJsonStreamParser.h; sourceTree = "<group>"; };
		4E92E72C13C72C9C0060FBF6 /* SBJsonStreamParser.m */ = {isa = PBXFileReference; fileEncoding = 4; lastKnownFileType = sourcecode.c.objc; name = SBJsonStreamParser.m; path = Classes/SBJsonStreamParser.m; sourceTree = "<group>"; };
		4E92E72D13C72C9C0060FBF6 /* SBJsonStreamParserAccumulator.h */ = {isa = PBXFileReference; fileEncoding = 4; lastKnownFileType = sourcecode.c.h; name = SBJsonStreamParserAccumulator.h; path = Classes/SBJsonStreamParserAccumulator.h; sourceTree = "<group>"; };
		4E92E72E13C72C9C0060FBF6 /* SBJsonStreamParserAccumulator.m */ = {isa = PBXFileReference; fileEncoding = 4; lastKnownFileType = sourcecode.c.objc; name = SBJsonStreamParserAccumulator.m; path = Classes/SBJsonStreamParserAccumulator.m; sourceTree = "<group>"; };
		4E92E72F13C72C9C0060FBF6 /* SBJsonStreamParserAdapter.h */ = {isa = PBXFileReference; fileEncoding = 4; lastKnownFileType = sourcecode.c.h; name = SBJsonStreamParserAdapter.h; path = Classes/SBJsonStreamParserAdapter.h; sourceTree = "<group>"; };
		4E92E73013C72C9C0060FBF6 /* SBJsonStreamParserAdapter.m */ = {isa = PBXFileReference; fileEncoding = 4; lastKnownFileType = sourcecode.c.objc; name = SBJsonStreamParserAdapter.m; path = Classes/SBJsonStreamParserAdapter.m; sourceTree = "<group>"; };
		4E92E73113C72C9C0060FBF6 /* SBJsonStreamParserState.h */ = {isa = PBXFileReference; fileEncoding = 4; lastKnownFileType = sourcecode.c.h; name = SBJsonStreamParserState.h; path = Classes/SBJsonStreamParserState.h; sourceTree = "<group>"; };
		4E92E73213C72C9C0060FBF6 /* SBJsonStreamParserState.m */ = {isa = PBXFileReference; fileEncoding = 4; lastKnownFileType = sourcecode.c.objc; name = SBJsonStreamParserState.m; path = Classes/SBJsonStreamParserState.m; sourceTree = "<group>"; };
		4E92E73313C72C9C0060FBF6 /* SBJsonStreamWriter.h */ = {isa = PBXFileReference; fileEncoding = 4; lastKnownFileType = sourcecode.c.h; name = SBJsonStreamWriter.h; path = Classes/SBJsonStreamWriter.h; sourceTree = "<group>"; };
		4E92E73413C72C9C0060FBF6 /* SBJsonStreamWriter.m */ = {isa = PBXFileReference; fileEncoding = 4; lastKnownFileType = sourcecode.c.objc; name = SBJsonStreamWriter.m; path = Classes/SBJsonStreamWriter.m; sourceTree = "<group>"; };
		4E92E73513C72C9C0060FBF6 /* SBJsonStreamWriterAccumulator.h */ = {isa = PBXFileReference; fileEncoding = 4; lastKnownFileType = sourcecode.c.h; name = SBJsonStreamWriterAccumulator.h; path = Classes/SBJsonStreamWriterAccumulator.h; sourceTree = "<group>"; };
		4E92E73613C72C9C0060FBF6 /* SBJsonStreamWriterAccumulator.m */ = {isa = PBXFileReference; fileEncoding = 4; lastKnownFileType = sourcecode.c.objc; name = SBJsonStreamWriterAccumulator.m; path = Classes/SBJsonStreamWriterAccumulator.m; sourceTree = "<group>"; };
		4E92E73713C72C9C0060FBF6 /* SBJsonStreamWriterState.h */ = {isa = PBXFileReference; fileEncoding = 4; lastKnownFileType = sourcecode.c.h; name = SBJsonStreamWriterState.h; path = Classes/SBJsonStreamWriterState.h; sourceTree = "<group>"; };
		4E92E73813C72C9C0060FBF6 /* SBJsonStreamWriterState.m */ = {isa = PBXFileReference; fileEncoding = 4; lastKnownFileType = sourcecode.c.objc; name = SBJsonStreamWriterState.m; path = Classes/SBJsonStreamWriterState.m; sourceTree = "<group>"; };
		4E92E73913C72C9C0060FBF6 /* SBJsonTokeniser.h */ = {isa = PBXFileReference; fileEncoding = 4; lastKnownFileType = sourcecode.c.h; name = SBJsonTokeniser.h; path = Classes/SBJsonTokeniser.h; sourceTree = "<group>"; };
		4E92E73A13C72C9C0060FBF6 /* SBJsonTokeniser.m */ = {isa = PBXFileReference; fileEncoding = 4; lastKnownFileType = sourcecode.c.objc; name = SBJsonTokeniser.m; path = Classes/SBJsonTokeniser.m; sourceTree = "<group>"; };
		4E92E73B13C72C9C0060FBF6 /* SBJsonUTF8Stream.h */ = {isa = PBXFileReference; fileEncoding = 4; lastKnownFileType = sourcecode.c.h; name = SBJsonUTF8Stream.h; path = Classes/SBJsonUTF8Stream.h; sourceTree = "<group>"; };
		4E92E73C13C72C9C0060FBF6 /* SBJsonUTF8Stream.m */ = {isa = PBXFileReference; fileEncoding = 4; lastKnownFileType = sourcecode.c.objc; name = SBJsonUTF8Stream.m; path = Classes/SBJsonUTF8Stream.m; sourceTree = "<group>"; };
		4E92E73D13C72C9C0060FBF6 /* SBJsonWriter.h */ = {isa = PBXFileReference; fileEncoding = 4; lastKnownFileType = sourcecode.c.h; name = SBJsonWriter.h; path = Classes/SBJsonWriter.h; sourceTree = "<group>"; };
		4E92E73E13C72C9C0060FBF6 /* SBJsonWriter.m */ = {isa = PBXFileReference; fileEncoding = 4; lastKnownFileType = sourcecode.c.objc; name = SBJsonWriter.m; path = Classes/SBJsonWriter.m; sourceTree = "<group>"; };
		4E92E74B13C72D3A0060FBF6 /* ConnectionManager.h */ = {isa = PBXFileReference; fileEncoding = 4; lastKnownFileType = sourcecode.c.h; path = ConnectionManager.h; sourceTree = "<group>"; };
		4E92E74C13C72D3A0060FBF6 /* ConnectionManager.m */ = {isa = PBXFileReference; fileEncoding = 4; lastKnownFileType = sourcecode.c.objc; path = ConnectionManager.m; sourceTree = "<group>"; };
		4EBFFD5F1414CD4300D4BE9C /* FLAPIExercice.h */ = {isa = PBXFileReference; fileEncoding = 4; lastKnownFileType = sourcecode.c.h; path = FLAPIExercice.h; sourceTree = "<group>"; };
		4EBFFD601414CD4300D4BE9C /* FLAPIExercice.m */ = {isa = PBXFileReference; fileEncoding = 4; lastKnownFileType = sourcecode.c.objc; path = FLAPIExercice.m; sourceTree = "<group>"; };
		4ECC6CAC1404E171005519C7 /* UserPicker.h */ = {isa = PBXFileReference; fileEncoding = 4; lastKnownFileType = sourcecode.c.h; path = UserPicker.h; sourceTree = "<group>"; };
		4ECC6CAD1404E171005519C7 /* UserPicker.m */ = {isa = PBXFileReference; fileEncoding = 4; lastKnownFileType = sourcecode.c.objc; path = UserPicker.m; sourceTree = "<group>"; };
		4ECC6CAF1404E5F7005519C7 /* UserManager.h */ = {isa = PBXFileReference; fileEncoding = 4; lastKnownFileType = sourcecode.c.h; path = UserManager.h; sourceTree = "<group>"; };
		4ECC6CB01404E5F7005519C7 /* UserManager.m */ = {isa = PBXFileReference; fileEncoding = 4; lastKnownFileType = sourcecode.c.objc; path = UserManager.m; sourceTree = "<group>"; };
		4ECC6CB214053744005519C7 /* User.h */ = {isa = PBXFileReference; fileEncoding = 4; lastKnownFileType = sourcecode.c.h; path = User.h; sourceTree = "<group>"; };
		4ECC6CB314053744005519C7 /* User.m */ = {isa = PBXFileReference; fileEncoding = 4; lastKnownFileType = sourcecode.c.objc; path = User.m; sourceTree = "<group>"; };
		4EFC3EB714064911002F0BF7 /* DoubleSlider.h */ = {isa = PBXFileReference; fileEncoding = 4; lastKnownFileType = sourcecode.c.h; path = DoubleSlider.h; sourceTree = "<group>"; };
		4EFC3EB814064911002F0BF7 /* DoubleSlider.m */ = {isa = PBXFileReference; fileEncoding = 4; lastKnownFileType = sourcecode.c.objc; path = DoubleSlider.m; sourceTree = "<group>"; };
		4EFC3EB914064911002F0BF7 /* handle_highlight.png */ = {isa = PBXFileReference; lastKnownFileType = image.png; path = handle_highlight.png; sourceTree = "<group>"; };
		4EFC3EBA14064911002F0BF7 /* handle.png */ = {isa = PBXFileReference; lastKnownFileType = image.png; path = handle.png; sourceTree = "<group>"; };
		4EFC3EBE1406837D002F0BF7 /* ParametersManager.h */ = {isa = PBXFileReference; fileEncoding = 4; lastKnownFileType = sourcecode.c.h; path = ParametersManager.h; sourceTree = "<group>"; };
		4EFC3EBF1406837D002F0BF7 /* ParametersManager.m */ = {isa = PBXFileReference; fileEncoding = 4; lastKnownFileType = sourcecode.c.objc; path = ParametersManager.m; sourceTree = "<group>"; };
		4EFDB06B13AA022E003BD83A /* libFLAPISP-ios.a */ = {isa = PBXFileReference; lastKnownFileType = archive.ar; path = "libFLAPISP-ios.a"; sourceTree = "<group>"; };
		8D1107310486CEB800E47090 /* Info.plist */ = {isa = PBXFileReference; fileEncoding = 4; lastKnownFileType = text.plist.xml; path = Info.plist; sourceTree = "<group>"; };
		D701908A141618510072D020 /* goal.wav */ = {isa = PBXFileReference; lastKnownFileType = audio.wav; path = goal.wav; sourceTree = "<group>"; };
		D702D18D14152C69005A1764 /* volcano.png */ = {isa = PBXFileReference; lastKnownFileType = image.png; path = volcano.png; sourceTree = "<group>"; };
		D72E0286139E448200F3687C /* common.h */ = {isa = PBXFileReference; fileEncoding = 4; lastKnownFileType = sourcecode.c.h; path = common.h; sourceTree = "<group>"; };
		D72E0287139E448200F3687C /* filter.h */ = {isa = PBXFileReference; fileEncoding = 4; lastKnownFileType = sourcecode.c.h; path = filter.h; sourceTree = "<group>"; };
		D72E0288139E448200F3687C /* flapi.h */ = {isa = PBXFileReference; fileEncoding = 4; lastKnownFileType = sourcecode.c.h; path = flapi.h; sourceTree = "<group>"; };
		D72E0289139E448200F3687C /* FLAPIX.h */ = {isa = PBXFileReference; fileEncoding = 4; lastKnownFileType = sourcecode.c.h; path = FLAPIX.h; sourceTree = "<group>"; };
		D72E028A139E448200F3687C /* FLAPIX.mm */ = {isa = PBXFileReference; fileEncoding = 4; lastKnownFileType = sourcecode.cpp.objcpp; path = FLAPIX.mm; sourceTree = "<group>"; };
		D72E028B139E448200F3687C /* libFLAPISP-simulator.a */ = {isa = PBXFileReference; lastKnownFileType = archive.ar; path = "libFLAPISP-simulator.a"; sourceTree = "<group>"; };
		D72E028C139E448200F3687C /* subsys_ios.h */ = {isa = PBXFileReference; fileEncoding = 4; lastKnownFileType = sourcecode.c.h; path = subsys_ios.h; sourceTree = "<group>"; };
		D72E028D139E448200F3687C /* subsys_ios.mm */ = {isa = PBXFileReference; fileEncoding = 4; lastKnownFileType = sourcecode.cpp.objcpp; path = subsys_ios.mm; sourceTree = "<group>"; };
		D72E02AA139E4F4E00F3687C /* AudioToolbox.framework */ = {isa = PBXFileReference; lastKnownFileType = wrapper.framework; name = AudioToolbox.framework; path = /System/Library/Frameworks/AudioToolbox.framework; sourceTree = "<absolute>"; };
		D72E02AC139E500800F3687C /* FLAPIrecorded.raw */ = {isa = PBXFileReference; fileEncoding = 4; lastKnownFileType = text; path = FLAPIrecorded.raw; sourceTree = "<group>"; };
		D77B1096140FC5A600897203 /* icon_contents_page_selected.png */ = {isa = PBXFileReference; lastKnownFileType = image.png; path = icon_contents_page_selected.png; sourceTree = "<group>"; };
		D77B1097140FC5A600897203 /* icon_contents_page_unselected.png */ = {isa = PBXFileReference; lastKnownFileType = image.png; path = icon_contents_page_unselected.png; sourceTree = "<group>"; };
		D77B1098140FC5A600897203 /* RSPageControl.h */ = {isa = PBXFileReference; fileEncoding = 4; lastKnownFileType = sourcecode.c.h; path = RSPageControl.h; sourceTree = "<group>"; };
		D77B1099140FC5A600897203 /* RSPageControl.m */ = {isa = PBXFileReference; fileEncoding = 4; lastKnownFileType = sourcecode.c.objc; path = RSPageControl.m; sourceTree = "<group>"; };
		D7A9942814165763000AA64A /* param-icon.png */ = {isa = PBXFileReference; lastKnownFileType = image.png; path = "param-icon.png"; sourceTree = "<group>"; };
		D7A9942914165763000AA64A /* volcano-icon.png */ = {isa = PBXFileReference; lastKnownFileType = image.png; path = "volcano-icon.png"; sourceTree = "<group>"; };
		D7A9942D14165D09000AA64A /* help.png */ = {isa = PBXFileReference; lastKnownFileType = image.png; path = help.png; sourceTree = "<group>"; };
		D7ABFF85140B8227003B9F08 /* HistoryViewController.h */ = {isa = PBXFileReference; fileEncoding = 4; lastKnownFileType = sourcecode.c.h; path = HistoryViewController.h; sourceTree = "<group>"; };
		D7ABFF86140B8227003B9F08 /* HistoryViewController.m */ = {isa = PBXFileReference; fileEncoding = 4; lastKnownFileType = sourcecode.c.objc; path = HistoryViewController.m; sourceTree = "<group>"; };
		D7ABFF89140B8560003B9F08 /* CoreGraphics.framework */ = {isa = PBXFileReference; lastKnownFileType = wrapper.framework; name = CoreGraphics.framework; path = System/Library/Frameworks/CoreGraphics.framework; sourceTree = SDKROOT; };
		D7ABFF8C140BB471003B9F08 /* CoreGraphics.framework */ = {isa = PBXFileReference; lastKnownFileType = wrapper.framework; name = CoreGraphics.framework; path = System/Library/Frameworks/CoreGraphics.framework; sourceTree = SDKROOT; };
		D7AD2ADB14174CA2004C6034 /* burst.png */ = {isa = PBXFileReference; lastKnownFileType = image.png; path = burst.png; sourceTree = "<group>"; };
		D7D64651141659B700F0DE4F /* explosion.wav */ = {isa = PBXFileReference; lastKnownFileType = audio.wav; path = explosion.wav; sourceTree = "<group>"; };
/* End PBXFileReference section */

/* Begin PBXFrameworksBuildPhase section */
		1D60588F0D05DD3D006BFB54 /* Frameworks */ = {
			isa = PBXFrameworksBuildPhase;
			buildActionMask = 2147483647;
			files = (
				D7ABFF8D140BB471003B9F08 /* CoreGraphics.framework in Frameworks */,
				4E3A7A8313B884FD00853344 /* AVFoundation.framework in Frameworks */,
				4E3A7A7D13B877DD00853344 /* MediaPlayer.framework in Frameworks */,
				4E8F596713A7B6FF00D9D3A7 /* libsqlite3.0.dylib in Frameworks */,
				D72E02AB139E4F4E00F3687C /* AudioToolbox.framework in Frameworks */,
				1D60589F0D05DD5A006BFB54 /* Foundation.framework in Frameworks */,
				1DF5F4E00D08C38300B7A737 /* UIKit.framework in Frameworks */,
				28FD15000DC6FC520079059D /* OpenGLES.framework in Frameworks */,
				28FD15080DC6FC5B0079059D /* QuartzCore.framework in Frameworks */,
				D72E028F139E448200F3687C /* libFLAPISP-simulator.a in Frameworks */,
				4EFDB06C13AA022E003BD83A /* libFLAPISP-ios.a in Frameworks */,
			);
			runOnlyForDeploymentPostprocessing = 0;
		};
/* End PBXFrameworksBuildPhase section */

/* Begin PBXGroup section */
		080E96DDFE201D6D7F000001 /* Classes */ = {
			isa = PBXGroup;
			children = (
				D7ABFF7C140B75A1003B9F08 /* Activities */,
				4ECC6CAB1404E150005519C7 /* UI */,
				4E92E72213C72C630060FBF6 /* Net */,
				4E57A86513A8F19900910E4D /* Data */,
				4E57A86413A8F16A00910E4D /* Statistics */,
				4E57A86313A8F12500910E4D /* Entertainments */,
				4E57A86213A8F11A00910E4D /* Settings */,
				4E8F590F13A7AF6B00D9D3A7 /* FlowerController.h */,
				4E8F591013A7AF6B00D9D3A7 /* FlowerController.m */,
				4E8F591113A7AF6B00D9D3A7 /* FlowerController.xib */,
				4E8F591213A7AF6B00D9D3A7 /* FlutterApp2AppDelegate.h */,
				4E8F591313A7AF6B00D9D3A7 /* FlutterApp2AppDelegate.m */,
			);
			path = Classes;
			sourceTree = "<group>";
		};
		19C28FACFE9D520D11CA2CBB /* Products */ = {
			isa = PBXGroup;
			children = (
				1D6058910D05DD3D006BFB54 /* FlowerForAll.app */,
			);
			name = Products;
			sourceTree = "<group>";
		};
		29B97314FDCFA39411CA2CEA /* CustomTemplate */ = {
			isa = PBXGroup;
			children = (
				D7ABFF8C140BB471003B9F08 /* CoreGraphics.framework */,
				D7ABFF89140B8560003B9F08 /* CoreGraphics.framework */,
				4E141B0513B35EC100698F53 /* Visual */,
				D72E0285139E448200F3687C /* FLAPI */,
				080E96DDFE201D6D7F000001 /* Classes */,
				29B97315FDCFA39411CA2CEA /* Other Sources */,
				29B97317FDCFA39411CA2CEA /* Resources */,
				29B97323FDCFA39411CA2CEA /* Frameworks */,
				19C28FACFE9D520D11CA2CBB /* Products */,
			);
			name = CustomTemplate;
			sourceTree = "<group>";
		};
		29B97315FDCFA39411CA2CEA /* Other Sources */ = {
			isa = PBXGroup;
			children = (
				32CA4F630368D1EE00C91783 /* FlowerForAll_Prefix.pch */,
				29B97316FDCFA39411CA2CEA /* main.m */,
			);
			name = "Other Sources";
			sourceTree = "<group>";
		};
		29B97317FDCFA39411CA2CEA /* Resources */ = {
			isa = PBXGroup;
			children = (
				D7AD2ADB14174CA2004C6034 /* burst.png */,
				D7D64651141659B700F0DE4F /* explosion.wav */,
				D701908A141618510072D020 /* goal.wav */,
				D702D18D14152C69005A1764 /* volcano.png */,
				4E8F595113A7AFA900D9D3A7 /* sqlite_database */,
				28AD733E0D9D9553002E5188 /* MainWindow.xib */,
				4E8F594913A7AF9800D9D3A7 /* fr.lproj */,
				4E8F594513A7AF8B00D9D3A7 /* en.lproj */,
				8D1107310486CEB800E47090 /* Info.plist */,
			);
			name = Resources;
			sourceTree = "<group>";
		};
		29B97323FDCFA39411CA2CEA /* Frameworks */ = {
			isa = PBXGroup;
			children = (
				4E3A7A8213B884FD00853344 /* AVFoundation.framework */,
				4E3A7A7C13B877DD00853344 /* MediaPlayer.framework */,
				4E8F596413A7B67D00D9D3A7 /* CoreGraphics.framework */,
				4E8F596613A7B6FE00D9D3A7 /* libsqlite3.0.dylib */,
				D72E02AA139E4F4E00F3687C /* AudioToolbox.framework */,
				28FD15070DC6FC5B0079059D /* QuartzCore.framework */,
				28FD14FF0DC6FC520079059D /* OpenGLES.framework */,
				1DF5F4DF0D08C38300B7A737 /* UIKit.framework */,
				1D30AB110D05D00D00671497 /* Foundation.framework */,
			);
			name = Frameworks;
			sourceTree = "<group>";
		};
		4E141B0513B35EC100698F53 /* Visual */ = {
			isa = PBXGroup;
			children = (
				D7A9942D14165D09000AA64A /* help.png */,
				D7A9942814165763000AA64A /* param-icon.png */,
				D7A9942914165763000AA64A /* volcano-icon.png */,
				4E141B0613B35F1900698F53 /* Default-Portrait.png */,
				4E141B0713B35F1900698F53 /* Default.png */,
				4E141B0813B35F1900698F53 /* Default@2x.png */,
				4E141B0913B35F1900698F53 /* Icon.png */,
				4E141B0A13B35F1900698F53 /* Icon-iPad.png */,
				4E141B0B13B35F1900698F53 /* Icon@2x.png */,
			);
			name = Visual;
			sourceTree = "<group>";
		};
		4E2F4FFC1407D1B100C4C00C /* FLAPIView */ = {
			isa = PBXGroup;
			children = (
				4E2F4FFD1407D1F900C4C00C /* FLAPIview.h */,
				4E2F4FFE1407D1F900C4C00C /* FLAPIview.m */,
				4E2F4FFF1407D1F900C4C00C /* FLAPIview.xib */,
			);
			name = FLAPIView;
			sourceTree = "<group>";
		};
		4E3A7A7613B8766900853344 /* VideoPlayer */ = {
			isa = PBXGroup;
			children = (
				4E4B815A14165374009CC45D /* FlowerHowTo.m4v */,
				4E018F7713BB2D6B00333528 /* AVideoPlayer-icon.png */,
				4E3A7A7713B8777D00853344 /* AVideoPlayer.h */,
				4E3A7A7813B8777D00853344 /* AVideoPlayer.m */,
				4E3A7A7913B8777D00853344 /* AVideoPlayer.xib */,
			);
			name = VideoPlayer;
			sourceTree = "<group>";
		};
		4E57A86213A8F11A00910E4D /* Settings */ = {
			isa = PBXGroup;
			children = (
				4E8F595513A7AFA900D9D3A7 /* UserDetailView.xib */,
				4E8F592813A7AF6B00D9D3A7 /* UserDetailViewController.h */,
				4E8F592913A7AF6B00D9D3A7 /* UserDetailViewController.m */,
				4E8F595613A7AFA900D9D3A7 /* UserListView.xib */,
				4E8F592A13A7AF6B00D9D3A7 /* UserListViewController.h */,
				4E8F592B13A7AF6B00D9D3A7 /* UserListViewController.m */,
				4E8F595013A7AFA900D9D3A7 /* SettingChoiceView.xib */,
				4E8F591A13A7AF6B00D9D3A7 /* SettingChoiceViewController.h */,
				4E8F591B13A7AF6B00D9D3A7 /* SettingChoiceViewController.m */,
				4E8F591C13A7AF6B00D9D3A7 /* SettingsViewController.h */,
				4E8F591D13A7AF6B00D9D3A7 /* SettingsViewController.m */,
				4E8F594D13A7AFA900D9D3A7 /* GameParametersView.xib */,
				4E8F591413A7AF6B00D9D3A7 /* GameParametersViewController.h */,
				4E8F591513A7AF6B00D9D3A7 /* GameParametersViewController.m */,
				4E141B1613B3769200698F53 /* SettingsView.xib */,
			);
			name = Settings;
			sourceTree = "<group>";
		};
		4E57A86313A8F12500910E4D /* Entertainments */ = {
			isa = PBXGroup;
			children = (
				4E2F4FFC1407D1B100C4C00C /* FLAPIView */,
				4E3A7A7613B8766900853344 /* VideoPlayer */,
				4E8F594E13A7AFA900D9D3A7 /* GameView.xib */,
				4E8F591613A7AF6B00D9D3A7 /* GameViewController.h */,
				4E8F591713A7AF6B00D9D3A7 /* GameViewController.m */,
			);
			name = Entertainments;
			sourceTree = "<group>";
		};
		4E57A86413A8F16A00910E4D /* Statistics */ = {
			isa = PBXGroup;
			children = (
				4E8F591E13A7AF6B00D9D3A7 /* StatisticCell.h */,
				4E8F591F13A7AF6B00D9D3A7 /* StatisticCell.m */,
				4E8F595313A7AFA900D9D3A7 /* StatisticDetailView.xib */,
				4E8F592013A7AF6B00D9D3A7 /* StatisticDetailViewController.h */,
				4E8F592113A7AF6B00D9D3A7 /* StatisticDetailViewController.m */,
				4E8F592213A7AF6B00D9D3A7 /* StatisticListViewController.h */,
				4E8F592313A7AF6B00D9D3A7 /* StatisticListViewController.m */,
				4E8F595413A7AFA900D9D3A7 /* StatisticListView.xib */,
				4E8F592413A7AF6B00D9D3A7 /* StatisticsViewController.h */,
				4E8F592513A7AF6B00D9D3A7 /* StatisticsViewController.m */,
				4E8F592C13A7AF6B00D9D3A7 /* YearStatisticListViewController.h */,
				4E8F592D13A7AF6B00D9D3A7 /* YearStatisticListViewController.m */,
				4E8F591813A7AF6B00D9D3A7 /* MonthStatisticListViewController.h */,
				4E8F591913A7AF6B00D9D3A7 /* MonthStatisticListViewController.m */,
			);
			name = Statistics;
			sourceTree = "<group>";
		};
		4E57A86513A8F19900910E4D /* Data */ = {
			isa = PBXGroup;
			children = (
				4E8F590113A7AF6B00D9D3A7 /* DataAccess.h */,
				4E8F590213A7AF6B00D9D3A7 /* DataAccess.m */,
				4E8F590313A7AF6B00D9D3A7 /* DB.h */,
				4E8F590413A7AF6B00D9D3A7 /* DB.m */,
				4E8F590513A7AF6B00D9D3A7 /* DateClassificationResult.h */,
				4E8F590613A7AF6B00D9D3A7 /* DateClassificationResult.m */,
				4E8F590713A7AF6B00D9D3A7 /* DateClassifier.h */,
				4E8F590813A7AF6B00D9D3A7 /* DateClassifier.m */,
				4E8F590913A7AF6B00D9D3A7 /* Exercise.h */,
				4E8F590A13A7AF6B00D9D3A7 /* Exercise.m */,
				4E8F590B13A7AF6B00D9D3A7 /* Expiration.h */,
				4E8F590C13A7AF6B00D9D3A7 /* Expiration.m */,
				4ECC6CAF1404E5F7005519C7 /* UserManager.h */,
				4ECC6CB01404E5F7005519C7 /* UserManager.m */,
				4ECC6CB214053744005519C7 /* User.h */,
				4ECC6CB314053744005519C7 /* User.m */,
				4EFC3EBE1406837D002F0BF7 /* ParametersManager.h */,
				4EFC3EBF1406837D002F0BF7 /* ParametersManager.m */,
				4E584853140E61CC003892DA /* BlowHistory.h */,
				4E584854140E61CC003892DA /* BlowHistory.m */,
			);
			name = Data;
			sourceTree = "<group>";
		};
		4E8F594513A7AF8B00D9D3A7 /* en.lproj */ = {
			isa = PBXGroup;
			children = (
				4E8F594613A7AF8B00D9D3A7 /* Localizable.strings */,
			);
			path = en.lproj;
			sourceTree = "<group>";
		};
		4E8F594913A7AF9800D9D3A7 /* fr.lproj */ = {
			isa = PBXGroup;
			children = (
				4E8F594A13A7AF9800D9D3A7 /* Localizable.strings */,
			);
			path = fr.lproj;
			sourceTree = "<group>";
		};
		4E8F595113A7AFA900D9D3A7 /* sqlite_database */ = {
			isa = PBXGroup;
			children = (
				4E8F595213A7AFA900D9D3A7 /* FlutterApp2Database.sql */,
			);
			path = sqlite_database;
			sourceTree = "<group>";
		};
		4E92E72213C72C630060FBF6 /* Net */ = {
			isa = PBXGroup;
			children = (
				4E92E74B13C72D3A0060FBF6 /* ConnectionManager.h */,
				4E92E74C13C72D3A0060FBF6 /* ConnectionManager.m */,
				4E92E72313C72C6F0060FBF6 /* SBJSON */,
			);
			name = Net;
			sourceTree = "<group>";
		};
		4E92E72313C72C6F0060FBF6 /* SBJSON */ = {
			isa = PBXGroup;
			children = (
				4E92E72513C72C9C0060FBF6 /* JSON.h */,
				4E92E72613C72C9C0060FBF6 /* NSObject+SBJson.h */,
				4E92E72713C72C9C0060FBF6 /* NSObject+SBJson.m */,
				4E92E72813C72C9C0060FBF6 /* SBJson.h */,
				4E92E72913C72C9C0060FBF6 /* SBJsonParser.h */,
				4E92E72A13C72C9C0060FBF6 /* SBJsonParser.m */,
				4E92E72B13C72C9C0060FBF6 /* SBJsonStreamParser.h */,
				4E92E72C13C72C9C0060FBF6 /* SBJsonStreamParser.m */,
				4E92E72D13C72C9C0060FBF6 /* SBJsonStreamParserAccumulator.h */,
				4E92E72E13C72C9C0060FBF6 /* SBJsonStreamParserAccumulator.m */,
				4E92E72F13C72C9C0060FBF6 /* SBJsonStreamParserAdapter.h */,
				4E92E73013C72C9C0060FBF6 /* SBJsonStreamParserAdapter.m */,
				4E92E73113C72C9C0060FBF6 /* SBJsonStreamParserState.h */,
				4E92E73213C72C9C0060FBF6 /* SBJsonStreamParserState.m */,
				4E92E73313C72C9C0060FBF6 /* SBJsonStreamWriter.h */,
				4E92E73413C72C9C0060FBF6 /* SBJsonStreamWriter.m */,
				4E92E73513C72C9C0060FBF6 /* SBJsonStreamWriterAccumulator.h */,
				4E92E73613C72C9C0060FBF6 /* SBJsonStreamWriterAccumulator.m */,
				4E92E73713C72C9C0060FBF6 /* SBJsonStreamWriterState.h */,
				4E92E73813C72C9C0060FBF6 /* SBJsonStreamWriterState.m */,
				4E92E73913C72C9C0060FBF6 /* SBJsonTokeniser.h */,
				4E92E73A13C72C9C0060FBF6 /* SBJsonTokeniser.m */,
				4E92E73B13C72C9C0060FBF6 /* SBJsonUTF8Stream.h */,
				4E92E73C13C72C9C0060FBF6 /* SBJsonUTF8Stream.m */,
				4E92E73D13C72C9C0060FBF6 /* SBJsonWriter.h */,
				4E92E73E13C72C9C0060FBF6 /* SBJsonWriter.m */,
			);
			name = SBJSON;
			sourceTree = "<group>";
		};
		4ECC6CAB1404E150005519C7 /* UI */ = {
			isa = PBXGroup;
			children = (
				D77B1096140FC5A600897203 /* icon_contents_page_selected.png */,
				D77B1097140FC5A600897203 /* icon_contents_page_unselected.png */,
				D77B1098140FC5A600897203 /* RSPageControl.h */,
				D77B1099140FC5A600897203 /* RSPageControl.m */,
				4EFC3EB6140648C8002F0BF7 /* DoubleSlider */,
				4ECC6CAC1404E171005519C7 /* UserPicker.h */,
				4ECC6CAD1404E171005519C7 /* UserPicker.m */,
			);
			name = UI;
			sourceTree = "<group>";
		};
		4EFC3EB6140648C8002F0BF7 /* DoubleSlider */ = {
			isa = PBXGroup;
			children = (
				4EFC3EB714064911002F0BF7 /* DoubleSlider.h */,
				4EFC3EB814064911002F0BF7 /* DoubleSlider.m */,
				4EFC3EB914064911002F0BF7 /* handle_highlight.png */,
				4EFC3EBA14064911002F0BF7 /* handle.png */,
			);
			name = DoubleSlider;
			sourceTree = "<group>";
		};
		D72E0285139E448200F3687C /* FLAPI */ = {
			isa = PBXGroup;
			children = (
				4EFDB06B13AA022E003BD83A /* libFLAPISP-ios.a */,
				D72E028B139E448200F3687C /* libFLAPISP-simulator.a */,
				D72E0286139E448200F3687C /* common.h */,
				D72E0287139E448200F3687C /* filter.h */,
				D72E0288139E448200F3687C /* flapi.h */,
				D72E0289139E448200F3687C /* FLAPIX.h */,
				D72E028A139E448200F3687C /* FLAPIX.mm */,
				D72E028C139E448200F3687C /* subsys_ios.h */,
				D72E028D139E448200F3687C /* subsys_ios.mm */,
				D72E02AC139E500800F3687C /* FLAPIrecorded.raw */,
				4E2F50051407DF8200C4C00C /* FLAPIBlow.h */,
				4E2F50061407DF8200C4C00C /* FLAPIBlow.m */,
				4EBFFD5F1414CD4300D4BE9C /* FLAPIExercice.h */,
				4EBFFD601414CD4300D4BE9C /* FLAPIExercice.m */,
				4E713C291416703D00BF7099 /* subsys_ios_AVAudioSessionDelegate.h */,
				4E713C2A1416703D00BF7099 /* subsys_ios_AVAudioSessionDelegate.m */,
			);
			path = FLAPI;
			sourceTree = "<group>";
		};
		D7ABFF7C140B75A1003B9F08 /* Activities */ = {
			isa = PBXGroup;
			children = (
				28FD14FC0DC6FC130079059D /* EAGLView.h */,
				28FD14FD0DC6FC130079059D /* EAGLView.m */,
				D7ABFF85140B8227003B9F08 /* HistoryViewController.h */,
				D7ABFF86140B8227003B9F08 /* HistoryViewController.m */,
			);
			name = Activities;
			sourceTree = "<group>";
		};
/* End PBXGroup section */

/* Begin PBXNativeTarget section */
		1D6058900D05DD3D006BFB54 /* FlowerForAll */ = {
			isa = PBXNativeTarget;
			buildConfigurationList = 1D6058960D05DD3E006BFB54 /* Build configuration list for PBXNativeTarget "FlowerForAll" */;
			buildPhases = (
				1D60588D0D05DD3D006BFB54 /* Resources */,
				1D60588E0D05DD3D006BFB54 /* Sources */,
				1D60588F0D05DD3D006BFB54 /* Frameworks */,
			);
			buildRules = (
			);
			dependencies = (
			);
			name = FlowerForAll;
			productName = OpenGL_ES_tuto1;
			productReference = 1D6058910D05DD3D006BFB54 /* FlowerForAll.app */;
			productType = "com.apple.product-type.application";
		};
/* End PBXNativeTarget section */

/* Begin PBXProject section */
		29B97313FDCFA39411CA2CEA /* Project object */ = {
			isa = PBXProject;
			attributes = {
				LastUpgradeCheck = 0410;
			};
			buildConfigurationList = C01FCF4E08A954540054247B /* Build configuration list for PBXProject "FlowerForAll" */;
			compatibilityVersion = "Xcode 3.2";
			developmentRegion = English;
			hasScannedForEncodings = 1;
			knownRegions = (
				English,
				Japanese,
				French,
				German,
				en,
				fr,
			);
			mainGroup = 29B97314FDCFA39411CA2CEA /* CustomTemplate */;
			projectDirPath = "";
			projectRoot = "";
			targets = (
				1D6058900D05DD3D006BFB54 /* FlowerForAll */,
			);
		};
/* End PBXProject section */

/* Begin PBXResourcesBuildPhase section */
		1D60588D0D05DD3D006BFB54 /* Resources */ = {
			isa = PBXResourcesBuildPhase;
			buildActionMask = 2147483647;
			files = (
				28AD733F0D9D9553002E5188 /* MainWindow.xib in Resources */,
				D72E02AD139E500800F3687C /* FLAPIrecorded.raw in Resources */,
				4E8F593613A7AF6B00D9D3A7 /* FlowerController.xib in Resources */,
				4E8F594813A7AF8B00D9D3A7 /* Localizable.strings in Resources */,
				4E8F594C13A7AF9800D9D3A7 /* Localizable.strings in Resources */,
				4E8F595713A7AFA900D9D3A7 /* GameParametersView.xib in Resources */,
				4E8F595813A7AFA900D9D3A7 /* GameView.xib in Resources */,
				4E8F595A13A7AFA900D9D3A7 /* SettingChoiceView.xib in Resources */,
				4E8F595B13A7AFA900D9D3A7 /* FlutterApp2Database.sql in Resources */,
				4E8F595C13A7AFA900D9D3A7 /* StatisticDetailView.xib in Resources */,
				4E8F595D13A7AFA900D9D3A7 /* StatisticListView.xib in Resources */,
				4E8F595E13A7AFA900D9D3A7 /* UserDetailView.xib in Resources */,
				4E8F595F13A7AFA900D9D3A7 /* UserListView.xib in Resources */,
				4E141B0C13B35F1900698F53 /* Default-Portrait.png in Resources */,
				4E141B0D13B35F1900698F53 /* Default.png in Resources */,
				4E141B0E13B35F1900698F53 /* Default@2x.png in Resources */,
				4E141B0F13B35F1900698F53 /* Icon.png in Resources */,
				4E141B1013B35F1900698F53 /* Icon-iPad.png in Resources */,
				4E141B1113B35F1900698F53 /* Icon@2x.png in Resources */,
				4E141B1713B3769200698F53 /* SettingsView.xib in Resources */,
				4E3A7A7B13B8777D00853344 /* AVideoPlayer.xib in Resources */,
				4E018F7813BB2D6B00333528 /* AVideoPlayer-icon.png in Resources */,
				4EFC3EBC14064911002F0BF7 /* handle_highlight.png in Resources */,
				4EFC3EBD14064911002F0BF7 /* handle.png in Resources */,
				4E2F50011407D1F900C4C00C /* FLAPIview.xib in Resources */,
				D77B109A140FC5A600897203 /* icon_contents_page_selected.png in Resources */,
				D77B109B140FC5A600897203 /* icon_contents_page_unselected.png in Resources */,
				D702D18E14152C69005A1764 /* volcano.png in Resources */,
				D701908B141618510072D020 /* goal.wav in Resources */,
				4E4B815B14165374009CC45D /* FlowerHowTo.m4v in Resources */,
				D7D64652141659B700F0DE4F /* explosion.wav in Resources */,
				D7A9942A14165763000AA64A /* param-icon.png in Resources */,
				D7A9942B14165763000AA64A /* volcano-icon.png in Resources */,
				D7A9942E14165D09000AA64A /* help.png in Resources */,
				D7AD2ADC14174CA2004C6034 /* burst.png in Resources */,
			);
			runOnlyForDeploymentPostprocessing = 0;
		};
/* End PBXResourcesBuildPhase section */

/* Begin PBXSourcesBuildPhase section */
		1D60588E0D05DD3D006BFB54 /* Sources */ = {
			isa = PBXSourcesBuildPhase;
			buildActionMask = 2147483647;
			files = (
				1D60589B0D05DD56006BFB54 /* main.m in Sources */,
				28FD14FE0DC6FC130079059D /* EAGLView.m in Sources */,
				D72E028E139E448200F3687C /* FLAPIX.mm in Sources */,
				D72E0290139E448200F3687C /* subsys_ios.mm in Sources */,
				4E8F592E13A7AF6B00D9D3A7 /* DataAccess.m in Sources */,
				4E8F592F13A7AF6B00D9D3A7 /* DB.m in Sources */,
				4E8F593013A7AF6B00D9D3A7 /* DateClassificationResult.m in Sources */,
				4E8F593113A7AF6B00D9D3A7 /* DateClassifier.m in Sources */,
				4E8F593213A7AF6B00D9D3A7 /* Exercise.m in Sources */,
				4E8F593313A7AF6B00D9D3A7 /* Expiration.m in Sources */,
				4E8F593513A7AF6B00D9D3A7 /* FlowerController.m in Sources */,
				4E8F593713A7AF6B00D9D3A7 /* FlutterApp2AppDelegate.m in Sources */,
				4E8F593813A7AF6B00D9D3A7 /* GameParametersViewController.m in Sources */,
				4E8F593913A7AF6B00D9D3A7 /* GameViewController.m in Sources */,
				4E8F593A13A7AF6B00D9D3A7 /* MonthStatisticListViewController.m in Sources */,
				4E8F593B13A7AF6B00D9D3A7 /* SettingChoiceViewController.m in Sources */,
				4E8F593C13A7AF6B00D9D3A7 /* SettingsViewController.m in Sources */,
				4E8F593D13A7AF6B00D9D3A7 /* StatisticCell.m in Sources */,
				4E8F593E13A7AF6B00D9D3A7 /* StatisticDetailViewController.m in Sources */,
				4E8F593F13A7AF6B00D9D3A7 /* StatisticListViewController.m in Sources */,
				4E8F594013A7AF6B00D9D3A7 /* StatisticsViewController.m in Sources */,
				4E8F594213A7AF6B00D9D3A7 /* UserDetailViewController.m in Sources */,
				4E8F594313A7AF6B00D9D3A7 /* UserListViewController.m in Sources */,
				4E8F594413A7AF6B00D9D3A7 /* YearStatisticListViewController.m in Sources */,
				4E3A7A7A13B8777D00853344 /* AVideoPlayer.m in Sources */,
				4E92E73F13C72C9C0060FBF6 /* NSObject+SBJson.m in Sources */,
				4E92E74013C72C9C0060FBF6 /* SBJsonParser.m in Sources */,
				4E92E74113C72C9C0060FBF6 /* SBJsonStreamParser.m in Sources */,
				4E92E74213C72C9C0060FBF6 /* SBJsonStreamParserAccumulator.m in Sources */,
				4E92E74313C72C9C0060FBF6 /* SBJsonStreamParserAdapter.m in Sources */,
				4E92E74413C72C9C0060FBF6 /* SBJsonStreamParserState.m in Sources */,
				4E92E74513C72C9C0060FBF6 /* SBJsonStreamWriter.m in Sources */,
				4E92E74613C72C9C0060FBF6 /* SBJsonStreamWriterAccumulator.m in Sources */,
				4E92E74713C72C9C0060FBF6 /* SBJsonStreamWriterState.m in Sources */,
				4E92E74813C72C9C0060FBF6 /* SBJsonTokeniser.m in Sources */,
				4E92E74913C72C9C0060FBF6 /* SBJsonUTF8Stream.m in Sources */,
				4E92E74A13C72C9C0060FBF6 /* SBJsonWriter.m in Sources */,
				4E92E74D13C72D3A0060FBF6 /* ConnectionManager.m in Sources */,
				4ECC6CAE1404E171005519C7 /* UserPicker.m in Sources */,
				4ECC6CB11404E5F7005519C7 /* UserManager.m in Sources */,
				4ECC6CB414053744005519C7 /* User.m in Sources */,
				4EFC3EBB14064911002F0BF7 /* DoubleSlider.m in Sources */,
				4EFC3EC01406837D002F0BF7 /* ParametersManager.m in Sources */,
				4E2F50001407D1F900C4C00C /* FLAPIview.m in Sources */,
				4E2F50071407DF8200C4C00C /* FLAPIBlow.m in Sources */,
				D7ABFF88140B8227003B9F08 /* HistoryViewController.m in Sources */,
				4E584855140E61CC003892DA /* BlowHistory.m in Sources */,
				D77B109C140FC5A600897203 /* RSPageControl.m in Sources */,
				4EBFFD611414CD4300D4BE9C /* FLAPIExercice.m in Sources */,
				4E713C2B1416703D00BF7099 /* subsys_ios_AVAudioSessionDelegate.m in Sources */,
			);
			runOnlyForDeploymentPostprocessing = 0;
		};
/* End PBXSourcesBuildPhase section */

/* Begin PBXVariantGroup section */
		4E8F594613A7AF8B00D9D3A7 /* Localizable.strings */ = {
			isa = PBXVariantGroup;
			children = (
				4E8F594713A7AF8B00D9D3A7 /* en */,
			);
			name = Localizable.strings;
			sourceTree = "<group>";
		};
		4E8F594A13A7AF9800D9D3A7 /* Localizable.strings */ = {
			isa = PBXVariantGroup;
			children = (
				4E8F594B13A7AF9800D9D3A7 /* fr */,
			);
			name = Localizable.strings;
			sourceTree = "<group>";
		};
/* End PBXVariantGroup section */

/* Begin XCBuildConfiguration section */
		1D6058940D05DD3E006BFB54 /* Debug */ = {
			isa = XCBuildConfiguration;
			buildSettings = {
				ADDITIONAL_SDKS = "/Library/SDKs/CorePlotSDK/${PLATFORM_NAME}.sdk";
				"ADDITIONAL_SDKS[arch=*]" = "/Library/SDKs/CorePlotSDK/${PLATFORM_NAME}.sdk";
				ALWAYS_SEARCH_USER_PATHS = NO;
				COPY_PHASE_STRIP = NO;
				GCC_DYNAMIC_NO_PIC = NO;
				GCC_OPTIMIZATION_LEVEL = 0;
				GCC_PRECOMPILE_PREFIX_HEADER = YES;
				GCC_PREFIX_HEADER = FlowerForAll_Prefix.pch;
				GCC_VERSION = com.apple.compilers.llvmgcc42;
				INFOPLIST_FILE = Info.plist;
				LIBRARY_SEARCH_PATHS = (
					"$(inherited)",
					"\"$(SRCROOT)/FLAPI\"",
				);
				PRODUCT_NAME = FlowerForAll;
			};
			name = Debug;
		};
		1D6058950D05DD3E006BFB54 /* Release */ = {
			isa = XCBuildConfiguration;
			buildSettings = {
				ADDITIONAL_SDKS = "/Library/SDKs/CorePlotSDK/${PLATFORM_NAME}.sdk";
				ALWAYS_SEARCH_USER_PATHS = NO;
				COPY_PHASE_STRIP = YES;
				GCC_PRECOMPILE_PREFIX_HEADER = YES;
				GCC_PREFIX_HEADER = FlowerForAll_Prefix.pch;
				GCC_VERSION = com.apple.compilers.llvmgcc42;
				INFOPLIST_FILE = Info.plist;
				LIBRARY_SEARCH_PATHS = (
					"$(inherited)",
					"\"$(SRCROOT)/FLAPI\"",
				);
				PRODUCT_NAME = FlowerForAll;
			};
			name = Release;
		};
		C01FCF4F08A954540054247B /* Debug */ = {
			isa = XCBuildConfiguration;
			buildSettings = {
				ADDITIONAL_SDKS = "/Library/SDKs/CorePlotSDK/${PLATFORM_NAME}.sdk";
				ARCHS = "$(ARCHS_STANDARD_32_BIT)";
				"CODE_SIGN_IDENTITY[sdk=iphoneos*]" = "iPhone Developer";
				GCC_C_LANGUAGE_STANDARD = c99;
				GCC_WARN_ABOUT_RETURN_TYPE = YES;
				GCC_WARN_UNUSED_VARIABLE = YES;
				HEADER_SEARCH_PATHS = "/Library/SDKs/CorePlotSDK/${PLATFORM_NAME}.sdk/usr/include/CorePlot";
				LIBRARY_SEARCH_PATHS = "/Library/SDKs/CorePlotSDK/${PLATFORM_NAME}.sdk/usr/lib";
				ONLY_ACTIVE_ARCH = YES;
				OTHER_LDFLAGS = (
					"-lCorePlot",
					"-all_load",
					"-ObjC",
				);
				SDKROOT = iphoneos;
			};
			name = Debug;
		};
		C01FCF5008A954540054247B /* Release */ = {
			isa = XCBuildConfiguration;
			buildSettings = {
				ADDITIONAL_SDKS = "/Library/SDKs/CorePlotSDK/${PLATFORM_NAME}.sdk";
				ARCHS = "$(ARCHS_STANDARD_32_BIT)";
				"CODE_SIGN_IDENTITY[sdk=iphoneos*]" = "iPhone Developer";
				GCC_C_LANGUAGE_STANDARD = c99;
				GCC_WARN_ABOUT_RETURN_TYPE = YES;
				GCC_WARN_UNUSED_VARIABLE = YES;
				HEADER_SEARCH_PATHS = "/Library/SDKs/CorePlotSDK/${PLATFORM_NAME}.sdk/usr/include/CorePlot";
				LIBRARY_SEARCH_PATHS = "/Library/SDKs/CorePlotSDK/${PLATFORM_NAME}.sdk/usr/lib";
				OTHER_LDFLAGS = (
					"-lCorePlot",
					"-all_load",
					"-ObjC",
				);
				SDKROOT = iphoneos;
			};
			name = Release;
		};
/* End XCBuildConfiguration section */

/* Begin XCConfigurationList section */
		1D6058960D05DD3E006BFB54 /* Build configuration list for PBXNativeTarget "FlowerForAll" */ = {
			isa = XCConfigurationList;
			buildConfigurations = (
				1D6058940D05DD3E006BFB54 /* Debug */,
				1D6058950D05DD3E006BFB54 /* Release */,
			);
			defaultConfigurationIsVisible = 0;
			defaultConfigurationName = Release;
		};
		C01FCF4E08A954540054247B /* Build configuration list for PBXProject "FlowerForAll" */ = {
			isa = XCConfigurationList;
			buildConfigurations = (
				C01FCF4F08A954540054247B /* Debug */,
				C01FCF5008A954540054247B /* Release */,
			);
			defaultConfigurationIsVisible = 0;
			defaultConfigurationName = Release;
		};
/* End XCConfigurationList section */
	};
	rootObject = 29B97313FDCFA39411CA2CEA /* Project object */;
}
